// !$*UTF8*$!
{
	archiveVersion = 1;
	classes = {
	};
	objectVersion = 46;
	objects = {

/* Begin PBXBuildFile section */
		643F9FD61C19491200F12AD8 /* Assets.xcassets in Resources */ = {isa = PBXBuildFile; fileRef = 643F9FD51C19491200F12AD8 /* Assets.xcassets */; };
		64EF122C1C17B2A900356C76 /* AppDelegate.swift in Sources */ = {isa = PBXBuildFile; fileRef = 64EF122B1C17B2A900356C76 /* AppDelegate.swift */; };
		64EF122E1C17B2A900356C76 /* ViewController.swift in Sources */ = {isa = PBXBuildFile; fileRef = 64EF122D1C17B2A900356C76 /* ViewController.swift */; };
		64EF12311C17B2A900356C76 /* Art_In.storyboard in Resources */ = {isa = PBXBuildFile; fileRef = 64EF122F1C17B2A900356C76 /* Art_In.storyboard */; };
		64EF12361C17B2A900356C76 /* LaunchScreen.storyboard in Resources */ = {isa = PBXBuildFile; fileRef = 64EF12341C17B2A900356C76 /* LaunchScreen.storyboard */; };
		6E43D8831C1A615E00A46EC1 /* PilotPlant.framework in Frameworks */ = {isa = PBXBuildFile; fileRef = 6E43D8821C1A615E00A46EC1 /* PilotPlant.framework */; };
		6E43D8851C1A616C00A46EC1 /* PilotPlant.framework in Embed Frameworks */ = {isa = PBXBuildFile; fileRef = 6E43D8821C1A615E00A46EC1 /* PilotPlant.framework */; settings = {ATTRIBUTES = (CodeSignOnCopy, RemoveHeadersOnCopy, ); }; };
		6E43D8871C1A76A700A46EC1 /* ForPicker.plist in Resources */ = {isa = PBXBuildFile; fileRef = 6E43D8861C1A76A700A46EC1 /* ForPicker.plist */; };
/* End PBXBuildFile section */

/* Begin PBXCopyFilesBuildPhase section */
		64EF12411C17B36600356C76 /* Embed Frameworks */ = {
			isa = PBXCopyFilesBuildPhase;
			buildActionMask = 2147483647;
			dstPath = "";
			dstSubfolderSpec = 10;
			files = (
				6E43D8851C1A616C00A46EC1 /* PilotPlant.framework in Embed Frameworks */,
			);
			name = "Embed Frameworks";
			runOnlyForDeploymentPostprocessing = 0;
		};
/* End PBXCopyFilesBuildPhase section */

/* Begin PBXFileReference section */
		643F9FD51C19491200F12AD8 /* Assets.xcassets */ = {isa = PBXFileReference; lastKnownFileType = folder.assetcatalog; path = Assets.xcassets; sourceTree = "<group>"; };
		64EF12281C17B2A900356C76 /* Art_In.app */ = {isa = PBXFileReference; explicitFileType = wrapper.application; includeInIndex = 0; path = Art_In.app; sourceTree = BUILT_PRODUCTS_DIR; };
		64EF122B1C17B2A900356C76 /* AppDelegate.swift */ = {isa = PBXFileReference; lastKnownFileType = sourcecode.swift; path = AppDelegate.swift; sourceTree = "<group>"; };
		64EF122D1C17B2A900356C76 /* ViewController.swift */ = {isa = PBXFileReference; lastKnownFileType = sourcecode.swift; path = ViewController.swift; sourceTree = "<group>"; };
		64EF12301C17B2A900356C76 /* Base */ = {isa = PBXFileReference; lastKnownFileType = file.storyboard; name = Base; path = Base.lproj/Art_In.storyboard; sourceTree = "<group>"; };
		64EF12351C17B2A900356C76 /* Base */ = {isa = PBXFileReference; lastKnownFileType = file.storyboard; name = Base; path = Base.lproj/LaunchScreen.storyboard; sourceTree = "<group>"; };
		64EF12371C17B2A900356C76 /* Info.plist */ = {isa = PBXFileReference; lastKnownFileType = text.plist.xml; path = Info.plist; sourceTree = "<group>"; };
		6E43D8821C1A615E00A46EC1 /* PilotPlant.framework */ = {isa = PBXFileReference; lastKnownFileType = wrapper.framework; path = PilotPlant.framework; sourceTree = "<group>"; };
		6E43D8861C1A76A700A46EC1 /* ForPicker.plist */ = {isa = PBXFileReference; fileEncoding = 4; lastKnownFileType = text.plist.xml; path = ForPicker.plist; sourceTree = "<group>"; };
/* End PBXFileReference section */

/* Begin PBXFrameworksBuildPhase section */
		64EF12251C17B2A900356C76 /* Frameworks */ = {
			isa = PBXFrameworksBuildPhase;
			buildActionMask = 2147483647;
			files = (
				6E43D8831C1A615E00A46EC1 /* PilotPlant.framework in Frameworks */,
			);
			runOnlyForDeploymentPostprocessing = 0;
		};
/* End PBXFrameworksBuildPhase section */

/* Begin PBXGroup section */
		64EF121F1C17B2A900356C76 = {
			isa = PBXGroup;
			children = (
				6E43D8821C1A615E00A46EC1 /* PilotPlant.framework */,
				64EF122A1C17B2A900356C76 /* Art_In */,
				64EF12291C17B2A900356C76 /* Products */,
			);
			sourceTree = "<group>";
		};
		64EF12291C17B2A900356C76 /* Products */ = {
			isa = PBXGroup;
			children = (
				64EF12281C17B2A900356C76 /* Art_In.app */,
			);
			name = Products;
			sourceTree = "<group>";
		};
		64EF122A1C17B2A900356C76 /* Art_In */ = {
			isa = PBXGroup;
			children = (
				6E43D8861C1A76A700A46EC1 /* ForPicker.plist */,
				64EF122B1C17B2A900356C76 /* AppDelegate.swift */,
				64EF122D1C17B2A900356C76 /* ViewController.swift */,
				64EF122F1C17B2A900356C76 /* Art_In.storyboard */,
				64EF12341C17B2A900356C76 /* LaunchScreen.storyboard */,
				64EF12371C17B2A900356C76 /* Info.plist */,
				643F9FD51C19491200F12AD8 /* Assets.xcassets */,
			);
			path = Art_In;
			sourceTree = "<group>";
		};
/* End PBXGroup section */

/* Begin PBXNativeTarget section */
		64EF12271C17B2A900356C76 /* Art_In */ = {
			isa = PBXNativeTarget;
			buildConfigurationList = 64EF123A1C17B2A900356C76 /* Build configuration list for PBXNativeTarget "Art_In" */;
			buildPhases = (
				64EF12241C17B2A900356C76 /* Sources */,
				64EF12251C17B2A900356C76 /* Frameworks */,
				64EF12261C17B2A900356C76 /* Resources */,
				64EF12411C17B36600356C76 /* Embed Frameworks */,
			);
			buildRules = (
			);
			dependencies = (
			);
			name = Art_In;
			productName = Art_In;
			productReference = 64EF12281C17B2A900356C76 /* Art_In.app */;
			productType = "com.apple.product-type.application";
		};
/* End PBXNativeTarget section */

/* Begin PBXProject section */
		64EF12201C17B2A900356C76 /* Project object */ = {
			isa = PBXProject;
			attributes = {
				LastUpgradeCheck = 0710;
				ORGANIZATIONNAME = "MAC-snowcat";
				TargetAttributes = {
					64EF12271C17B2A900356C76 = {
						CreatedOnToolsVersion = 7.0.1;
					};
				};
			};
			buildConfigurationList = 64EF12231C17B2A900356C76 /* Build configuration list for PBXProject "Art_In" */;
			compatibilityVersion = "Xcode 3.2";
			developmentRegion = English;
			hasScannedForEncodings = 0;
			knownRegions = (
				en,
				Base,
			);
			mainGroup = 64EF121F1C17B2A900356C76;
			productRefGroup = 64EF12291C17B2A900356C76 /* Products */;
			projectDirPath = "";
			projectRoot = "";
			targets = (
				64EF12271C17B2A900356C76 /* Art_In */,
			);
		};
/* End PBXProject section */

/* Begin PBXResourcesBuildPhase section */
		64EF12261C17B2A900356C76 /* Resources */ = {
			isa = PBXResourcesBuildPhase;
			buildActionMask = 2147483647;
			files = (
				64EF12361C17B2A900356C76 /* LaunchScreen.storyboard in Resources */,
				643F9FD61C19491200F12AD8 /* Assets.xcassets in Resources */,
				6E43D8871C1A76A700A46EC1 /* ForPicker.plist in Resources */,
				64EF12311C17B2A900356C76 /* Art_In.storyboard in Resources */,
			);
			runOnlyForDeploymentPostprocessing = 0;
		};
/* End PBXResourcesBuildPhase section */

/* Begin PBXSourcesBuildPhase section */
		64EF12241C17B2A900356C76 /* Sources */ = {
			isa = PBXSourcesBuildPhase;
			buildActionMask = 2147483647;
			files = (
				64EF122E1C17B2A900356C76 /* ViewController.swift in Sources */,
				64EF122C1C17B2A900356C76 /* AppDelegate.swift in Sources */,
			);
			runOnlyForDeploymentPostprocessing = 0;
		};
/* End PBXSourcesBuildPhase section */

/* Begin PBXVariantGroup section */
		64EF122F1C17B2A900356C76 /* Art_In.storyboard */ = {
			isa = PBXVariantGroup;
			children = (
				64EF12301C17B2A900356C76 /* Base */,
			);
			name = Art_In.storyboard;
			sourceTree = "<group>";
		};
		64EF12341C17B2A900356C76 /* LaunchScreen.storyboard */ = {
			isa = PBXVariantGroup;
			children = (
				64EF12351C17B2A900356C76 /* Base */,
			);
			name = LaunchScreen.storyboard;
			sourceTree = "<group>";
		};
/* End PBXVariantGroup section */

/* Begin XCBuildConfiguration section */
		64EF12381C17B2A900356C76 /* Debug */ = {
			isa = XCBuildConfiguration;
			buildSettings = {
				ALWAYS_SEARCH_USER_PATHS = NO;
				CLANG_CXX_LANGUAGE_STANDARD = "gnu++0x";
				CLANG_CXX_LIBRARY = "libc++";
				CLANG_ENABLE_MODULES = YES;
				CLANG_ENABLE_OBJC_ARC = YES;
				CLANG_WARN_BOOL_CONVERSION = YES;
				CLANG_WARN_CONSTANT_CONVERSION = YES;
				CLANG_WARN_DIRECT_OBJC_ISA_USAGE = YES_ERROR;
				CLANG_WARN_EMPTY_BODY = YES;
				CLANG_WARN_ENUM_CONVERSION = YES;
				CLANG_WARN_INT_CONVERSION = YES;
				CLANG_WARN_OBJC_ROOT_CLASS = YES_ERROR;
				CLANG_WARN_UNREACHABLE_CODE = YES;
				CLANG_WARN__DUPLICATE_METHOD_MATCH = YES;
				"CODE_SIGN_IDENTITY[sdk=iphoneos*]" = "iPhone Developer";
				COPY_PHASE_STRIP = NO;
				DEBUG_INFORMATION_FORMAT = dwarf;
				ENABLE_STRICT_OBJC_MSGSEND = YES;
				ENABLE_TESTABILITY = YES;
				GCC_C_LANGUAGE_STANDARD = gnu99;
				GCC_DYNAMIC_NO_PIC = NO;
				GCC_NO_COMMON_BLOCKS = YES;
				GCC_OPTIMIZATION_LEVEL = 0;
				GCC_PREPROCESSOR_DEFINITIONS = (
					"DEBUG=1",
					"$(inherited)",
				);
				GCC_WARN_64_TO_32_BIT_CONVERSION = YES;
				GCC_WARN_ABOUT_RETURN_TYPE = YES_ERROR;
				GCC_WARN_UNDECLARED_SELECTOR = YES;
				GCC_WARN_UNINITIALIZED_AUTOS = YES_AGGRESSIVE;
				GCC_WARN_UNUSED_FUNCTION = YES;
				GCC_WARN_UNUSED_VARIABLE = YES;
				IPHONEOS_DEPLOYMENT_TARGET = 9.0;
				MTL_ENABLE_DEBUG_INFO = YES;
				ONLY_ACTIVE_ARCH = YES;
				SDKROOT = iphoneos;
				SWIFT_OPTIMIZATION_LEVEL = "-Onone";
				TARGETED_DEVICE_FAMILY = "1,2";
			};
			name = Debug;
		};
		64EF12391C17B2A900356C76 /* Release */ = {
			isa = XCBuildConfiguration;
			buildSettings = {
				ALWAYS_SEARCH_USER_PATHS = NO;
				CLANG_CXX_LANGUAGE_STANDARD = "gnu++0x";
				CLANG_CXX_LIBRARY = "libc++";
				CLANG_ENABLE_MODULES = YES;
				CLANG_ENABLE_OBJC_ARC = YES;
				CLANG_WARN_BOOL_CONVERSION = YES;
				CLANG_WARN_CONSTANT_CONVERSION = YES;
				CLANG_WARN_DIRECT_OBJC_ISA_USAGE = YES_ERROR;
				CLANG_WARN_EMPTY_BODY = YES;
				CLANG_WARN_ENUM_CONVERSION = YES;
				CLANG_WARN_INT_CONVERSION = YES;
				CLANG_WARN_OBJC_ROOT_CLASS = YES_ERROR;
				CLANG_WARN_UNREACHABLE_CODE = YES;
				CLANG_WARN__DUPLICATE_METHOD_MATCH = YES;
				"CODE_SIGN_IDENTITY[sdk=iphoneos*]" = "iPhone Developer";
				COPY_PHASE_STRIP = NO;
				DEBUG_INFORMATION_FORMAT = "dwarf-with-dsym";
				ENABLE_NS_ASSERTIONS = NO;
				ENABLE_STRICT_OBJC_MSGSEND = YES;
				GCC_C_LANGUAGE_STANDARD = gnu99;
				GCC_NO_COMMON_BLOCKS = YES;
				GCC_WARN_64_TO_32_BIT_CONVERSION = YES;
				GCC_WARN_ABOUT_RETURN_TYPE = YES_ERROR;
				GCC_WARN_UNDECLARED_SELECTOR = YES;
				GCC_WARN_UNINITIALIZED_AUTOS = YES_AGGRESSIVE;
				GCC_WARN_UNUSED_FUNCTION = YES;
				GCC_WARN_UNUSED_VARIABLE = YES;
				IPHONEOS_DEPLOYMENT_TARGET = 9.0;
				MTL_ENABLE_DEBUG_INFO = NO;
				SDKROOT = iphoneos;
				TARGETED_DEVICE_FAMILY = "1,2";
				VALIDATE_PRODUCT = YES;
			};
			name = Release;
		};
		64EF123B1C17B2A900356C76 /* Debug */ = {
			isa = XCBuildConfiguration;
			buildSettings = {
				ASSETCATALOG_COMPILER_APPICON_NAME = AppIcon;
				FRAMEWORK_SEARCH_PATHS = (
					"$(inherited)",
					"$(PROJECT_DIR)",
				);
				INFOPLIST_FILE = Art_In/Info.plist;
				LD_RUNPATH_SEARCH_PATHS = "$(inherited) @executable_path/Frameworks";
				PRODUCT_BUNDLE_IDENTIFIER = "com.snowcat.Art-In";
				PRODUCT_NAME = "$(TARGET_NAME)";
			};
			name = Debug;
		};
		64EF123C1C17B2A900356C76 /* Release */ = {
			isa = XCBuildConfiguration;
			buildSettings = {
				ASSETCATALOG_COMPILER_APPICON_NAME = AppIcon;
				FRAMEWORK_SEARCH_PATHS = (
					"$(inherited)",
					"$(PROJECT_DIR)",
				);
				INFOPLIST_FILE = Art_In/Info.plist;
				LD_RUNPATH_SEARCH_PATHS = "$(inherited) @executable_path/Frameworks";
				PRODUCT_BUNDLE_IDENTIFIER = "com.snowcat.Art-In";
				PRODUCT_NAME = "$(TARGET_NAME)";
			};
			name = Release;
		};
/* End XCBuildConfiguration section */

/* Begin XCConfigurationList section */
		64EF12231C17B2A900356C76 /* Build configuration list for PBXProject "Art_In" */ = {
			isa = XCConfigurationList;
			buildConfigurations = (
				64EF12381C17B2A900356C76 /* Debug */,
				64EF12391C17B2A900356C76 /* Release */,
			);
			defaultConfigurationIsVisible = 0;
			defaultConfigurationName = Release;
		};
		64EF123A1C17B2A900356C76 /* Build configuration list for PBXNativeTarget "Art_In" */ = {
			isa = XCConfigurationList;
			buildConfigurations = (
				64EF123B1C17B2A900356C76 /* Debug */,
				64EF123C1C17B2A900356C76 /* Release */,
			);
			defaultConfigurationIsVisible = 0;
			defaultConfigurationName = Release;
		};
/* End XCConfigurationList section */
	};
	rootObject = 64EF12201C17B2A900356C76 /* Project object */;
}
