// !$*UTF8*$!
{
	archiveVersion = 1;
	classes = {
	};
	objectVersion = 46;
	objects = {

/* Begin PBXBuildFile section */
		102E682B1C0081DE003CEEF9 /* 1.png in Resources */ = {isa = PBXBuildFile; fileRef = 102E682A1C0081DE003CEEF9 /* 1.png */; settings = {ASSET_TAGS = (); }; };
		102E682D1C0086C5003CEEF9 /* 2.png in Resources */ = {isa = PBXBuildFile; fileRef = 102E682C1C0086C5003CEEF9 /* 2.png */; settings = {ASSET_TAGS = (); }; };
		102E682F1C008A1A003CEEF9 /* 3.png in Resources */ = {isa = PBXBuildFile; fileRef = 102E682E1C008A1A003CEEF9 /* 3.png */; settings = {ASSET_TAGS = (); }; };
		102E68381C008ABC003CEEF9 /* 12.png in Resources */ = {isa = PBXBuildFile; fileRef = 102E68301C008ABC003CEEF9 /* 12.png */; settings = {ASSET_TAGS = (); }; };
		102E68391C008ABC003CEEF9 /* 11.png in Resources */ = {isa = PBXBuildFile; fileRef = 102E68311C008ABC003CEEF9 /* 11.png */; settings = {ASSET_TAGS = (); }; };
		102E683A1C008ABC003CEEF9 /* 10.png in Resources */ = {isa = PBXBuildFile; fileRef = 102E68321C008ABC003CEEF9 /* 10.png */; settings = {ASSET_TAGS = (); }; };
		102E683B1C008ABC003CEEF9 /* 9.png in Resources */ = {isa = PBXBuildFile; fileRef = 102E68331C008ABC003CEEF9 /* 9.png */; settings = {ASSET_TAGS = (); }; };
		102E683C1C008ABC003CEEF9 /* 8.png in Resources */ = {isa = PBXBuildFile; fileRef = 102E68341C008ABC003CEEF9 /* 8.png */; settings = {ASSET_TAGS = (); }; };
		102E683D1C008ABC003CEEF9 /* 7.png in Resources */ = {isa = PBXBuildFile; fileRef = 102E68351C008ABC003CEEF9 /* 7.png */; settings = {ASSET_TAGS = (); }; };
		102E683E1C008ABC003CEEF9 /* 6.png in Resources */ = {isa = PBXBuildFile; fileRef = 102E68361C008ABC003CEEF9 /* 6.png */; settings = {ASSET_TAGS = (); }; };
		102E683F1C008ABC003CEEF9 /* 5.png in Resources */ = {isa = PBXBuildFile; fileRef = 102E68371C008ABC003CEEF9 /* 5.png */; settings = {ASSET_TAGS = (); }; };
		102E68411C008AC4003CEEF9 /* 4.png in Resources */ = {isa = PBXBuildFile; fileRef = 102E68401C008AC4003CEEF9 /* 4.png */; settings = {ASSET_TAGS = (); }; };
		105DB7031BFECA8500B48946 /* AppDelegate.swift in Sources */ = {isa = PBXBuildFile; fileRef = 105DB7021BFECA8500B48946 /* AppDelegate.swift */; };
		105DB7081BFECA8500B48946 /* Main.storyboard in Resources */ = {isa = PBXBuildFile; fileRef = 105DB7061BFECA8500B48946 /* Main.storyboard */; };
		105DB70A1BFECA8500B48946 /* Assets.xcassets in Resources */ = {isa = PBXBuildFile; fileRef = 105DB7091BFECA8500B48946 /* Assets.xcassets */; };
		105DB70D1BFECA8500B48946 /* LaunchScreen.storyboard in Resources */ = {isa = PBXBuildFile; fileRef = 105DB70B1BFECA8500B48946 /* LaunchScreen.storyboard */; };
		105DB7181BFECA8500B48946 /* FairingSketchTests.swift in Sources */ = {isa = PBXBuildFile; fileRef = 105DB7171BFECA8500B48946 /* FairingSketchTests.swift */; };
		105DB7231BFECA8600B48946 /* FairingSketchUITests.swift in Sources */ = {isa = PBXBuildFile; fileRef = 105DB7221BFECA8600B48946 /* FairingSketchUITests.swift */; };
		10C85A221BFEE25C0014F1EC /* UIViewController+Navigation.swift in Sources */ = {isa = PBXBuildFile; fileRef = 10C85A211BFEE25C0014F1EC /* UIViewController+Navigation.swift */; settings = {ASSET_TAGS = (); }; };
/* End PBXBuildFile section */

/* Begin PBXContainerItemProxy section */
		105DB7141BFECA8500B48946 /* PBXContainerItemProxy */ = {
			isa = PBXContainerItemProxy;
			containerPortal = 105DB6F71BFECA8500B48946 /* Project object */;
			proxyType = 1;
			remoteGlobalIDString = 105DB6FE1BFECA8500B48946;
			remoteInfo = FairingSketch;
		};
		105DB71F1BFECA8500B48946 /* PBXContainerItemProxy */ = {
			isa = PBXContainerItemProxy;
			containerPortal = 105DB6F71BFECA8500B48946 /* Project object */;
			proxyType = 1;
			remoteGlobalIDString = 105DB6FE1BFECA8500B48946;
			remoteInfo = FairingSketch;
		};
/* End PBXContainerItemProxy section */

/* Begin PBXCopyFilesBuildPhase section */
		10F8D02A1BFECD720071454D /* Embed Frameworks */ = {
			isa = PBXCopyFilesBuildPhase;
			buildActionMask = 2147483647;
			dstPath = "";
			dstSubfolderSpec = 10;
			files = (
			);
			name = "Embed Frameworks";
			runOnlyForDeploymentPostprocessing = 0;
		};
/* End PBXCopyFilesBuildPhase section */

/* Begin PBXFileReference section */
		102E682A1C0081DE003CEEF9 /* 1.png */ = {isa = PBXFileReference; lastKnownFileType = image.png; path = 1.png; sourceTree = "<group>"; };
		102E682C1C0086C5003CEEF9 /* 2.png */ = {isa = PBXFileReference; lastKnownFileType = image.png; path = 2.png; sourceTree = "<group>"; };
		102E682E1C008A1A003CEEF9 /* 3.png */ = {isa = PBXFileReference; lastKnownFileType = image.png; path = 3.png; sourceTree = "<group>"; };
		102E68301C008ABC003CEEF9 /* 12.png */ = {isa = PBXFileReference; lastKnownFileType = image.png; path = 12.png; sourceTree = "<group>"; };
		102E68311C008ABC003CEEF9 /* 11.png */ = {isa = PBXFileReference; lastKnownFileType = image.png; path = 11.png; sourceTree = "<group>"; };
		102E68321C008ABC003CEEF9 /* 10.png */ = {isa = PBXFileReference; lastKnownFileType = image.png; path = 10.png; sourceTree = "<group>"; };
		102E68331C008ABC003CEEF9 /* 9.png */ = {isa = PBXFileReference; lastKnownFileType = image.png; path = 9.png; sourceTree = "<group>"; };
		102E68341C008ABC003CEEF9 /* 8.png */ = {isa = PBXFileReference; lastKnownFileType = image.png; path = 8.png; sourceTree = "<group>"; };
		102E68351C008ABC003CEEF9 /* 7.png */ = {isa = PBXFileReference; lastKnownFileType = image.png; path = 7.png; sourceTree = "<group>"; };
		102E68361C008ABC003CEEF9 /* 6.png */ = {isa = PBXFileReference; lastKnownFileType = image.png; path = 6.png; sourceTree = "<group>"; };
		102E68371C008ABC003CEEF9 /* 5.png */ = {isa = PBXFileReference; lastKnownFileType = image.png; path = 5.png; sourceTree = "<group>"; };
		102E68401C008AC4003CEEF9 /* 4.png */ = {isa = PBXFileReference; lastKnownFileType = image.png; path = 4.png; sourceTree = "<group>"; };
		105DB6FF1BFECA8500B48946 /* FairingSketch.app */ = {isa = PBXFileReference; explicitFileType = wrapper.application; includeInIndex = 0; path = FairingSketch.app; sourceTree = BUILT_PRODUCTS_DIR; };
		105DB7021BFECA8500B48946 /* AppDelegate.swift */ = {isa = PBXFileReference; lastKnownFileType = sourcecode.swift; path = AppDelegate.swift; sourceTree = "<group>"; };
		105DB7071BFECA8500B48946 /* Base */ = {isa = PBXFileReference; lastKnownFileType = file.storyboard; name = Base; path = Base.lproj/Main.storyboard; sourceTree = "<group>"; };
		105DB7091BFECA8500B48946 /* Assets.xcassets */ = {isa = PBXFileReference; lastKnownFileType = folder.assetcatalog; path = Assets.xcassets; sourceTree = "<group>"; };
		105DB70C1BFECA8500B48946 /* Base */ = {isa = PBXFileReference; lastKnownFileType = file.storyboard; name = Base; path = Base.lproj/LaunchScreen.storyboard; sourceTree = "<group>"; };
		105DB70E1BFECA8500B48946 /* Info.plist */ = {isa = PBXFileReference; lastKnownFileType = text.plist.xml; path = Info.plist; sourceTree = "<group>"; };
		105DB7131BFECA8500B48946 /* FairingSketchTests.xctest */ = {isa = PBXFileReference; explicitFileType = wrapper.cfbundle; includeInIndex = 0; path = FairingSketchTests.xctest; sourceTree = BUILT_PRODUCTS_DIR; };
		105DB7171BFECA8500B48946 /* FairingSketchTests.swift */ = {isa = PBXFileReference; lastKnownFileType = sourcecode.swift; path = FairingSketchTests.swift; sourceTree = "<group>"; };
		105DB7191BFECA8500B48946 /* Info.plist */ = {isa = PBXFileReference; lastKnownFileType = text.plist.xml; path = Info.plist; sourceTree = "<group>"; };
		105DB71E1BFECA8500B48946 /* FairingSketchUITests.xctest */ = {isa = PBXFileReference; explicitFileType = wrapper.cfbundle; includeInIndex = 0; path = FairingSketchUITests.xctest; sourceTree = BUILT_PRODUCTS_DIR; };
		105DB7221BFECA8600B48946 /* FairingSketchUITests.swift */ = {isa = PBXFileReference; lastKnownFileType = sourcecode.swift; path = FairingSketchUITests.swift; sourceTree = "<group>"; };
		105DB7241BFECA8600B48946 /* Info.plist */ = {isa = PBXFileReference; lastKnownFileType = text.plist.xml; path = Info.plist; sourceTree = "<group>"; };
		10C85A211BFEE25C0014F1EC /* UIViewController+Navigation.swift */ = {isa = PBXFileReference; fileEncoding = 4; lastKnownFileType = sourcecode.swift; path = "UIViewController+Navigation.swift"; sourceTree = "<group>"; };
/* End PBXFileReference section */

/* Begin PBXFrameworksBuildPhase section */
		105DB6FC1BFECA8500B48946 /* Frameworks */ = {
			isa = PBXFrameworksBuildPhase;
			buildActionMask = 2147483647;
			files = (
			);
			runOnlyForDeploymentPostprocessing = 0;
		};
		105DB7101BFECA8500B48946 /* Frameworks */ = {
			isa = PBXFrameworksBuildPhase;
			buildActionMask = 2147483647;
			files = (
			);
			runOnlyForDeploymentPostprocessing = 0;
		};
		105DB71B1BFECA8500B48946 /* Frameworks */ = {
			isa = PBXFrameworksBuildPhase;
			buildActionMask = 2147483647;
			files = (
			);
			runOnlyForDeploymentPostprocessing = 0;
		};
/* End PBXFrameworksBuildPhase section */

/* Begin PBXGroup section */
		102E68291C0081CD003CEEF9 /* Images */ = {
			isa = PBXGroup;
			children = (
				102E68301C008ABC003CEEF9 /* 12.png */,
				102E68311C008ABC003CEEF9 /* 11.png */,
				102E68321C008ABC003CEEF9 /* 10.png */,
				102E68331C008ABC003CEEF9 /* 9.png */,
				102E68341C008ABC003CEEF9 /* 8.png */,
				102E68351C008ABC003CEEF9 /* 7.png */,
				102E68361C008ABC003CEEF9 /* 6.png */,
				102E68371C008ABC003CEEF9 /* 5.png */,
				102E68401C008AC4003CEEF9 /* 4.png */,
				102E682E1C008A1A003CEEF9 /* 3.png */,
				102E682C1C0086C5003CEEF9 /* 2.png */,
				102E682A1C0081DE003CEEF9 /* 1.png */,
			);
			name = Images;
			sourceTree = "<group>";
		};
		105DB6F61BFECA8500B48946 = {
			isa = PBXGroup;
			children = (
				102E68291C0081CD003CEEF9 /* Images */,
				10C85A211BFEE25C0014F1EC /* UIViewController+Navigation.swift */,
				105DB7011BFECA8500B48946 /* FairingSketch */,
				105DB7161BFECA8500B48946 /* FairingSketchTests */,
				105DB7211BFECA8600B48946 /* FairingSketchUITests */,
				105DB7001BFECA8500B48946 /* Products */,
			);
			sourceTree = "<group>";
		};
		105DB7001BFECA8500B48946 /* Products */ = {
			isa = PBXGroup;
			children = (
				105DB6FF1BFECA8500B48946 /* FairingSketch.app */,
				105DB7131BFECA8500B48946 /* FairingSketchTests.xctest */,
				105DB71E1BFECA8500B48946 /* FairingSketchUITests.xctest */,
			);
			name = Products;
			sourceTree = "<group>";
		};
		105DB7011BFECA8500B48946 /* FairingSketch */ = {
			isa = PBXGroup;
			children = (
				105DB7021BFECA8500B48946 /* AppDelegate.swift */,
				105DB7061BFECA8500B48946 /* Main.storyboard */,
				105DB7091BFECA8500B48946 /* Assets.xcassets */,
				105DB70B1BFECA8500B48946 /* LaunchScreen.storyboard */,
				105DB70E1BFECA8500B48946 /* Info.plist */,
			);
			path = FairingSketch;
			sourceTree = "<group>";
		};
		105DB7161BFECA8500B48946 /* FairingSketchTests */ = {
			isa = PBXGroup;
			children = (
				105DB7171BFECA8500B48946 /* FairingSketchTests.swift */,
				105DB7191BFECA8500B48946 /* Info.plist */,
			);
			path = FairingSketchTests;
			sourceTree = "<group>";
		};
		105DB7211BFECA8600B48946 /* FairingSketchUITests */ = {
			isa = PBXGroup;
			children = (
				105DB7221BFECA8600B48946 /* FairingSketchUITests.swift */,
				105DB7241BFECA8600B48946 /* Info.plist */,
			);
			path = FairingSketchUITests;
			sourceTree = "<group>";
		};
/* End PBXGroup section */

/* Begin PBXNativeTarget section */
		105DB6FE1BFECA8500B48946 /* FairingSketch */ = {
			isa = PBXNativeTarget;
			buildConfigurationList = 105DB7271BFECA8600B48946 /* Build configuration list for PBXNativeTarget "FairingSketch" */;
			buildPhases = (
				105DB6FB1BFECA8500B48946 /* Sources */,
				105DB6FC1BFECA8500B48946 /* Frameworks */,
				105DB6FD1BFECA8500B48946 /* Resources */,
				10F8D02A1BFECD720071454D /* Embed Frameworks */,
			);
			buildRules = (
			);
			dependencies = (
			);
			name = FairingSketch;
			productName = FairingSketch;
			productReference = 105DB6FF1BFECA8500B48946 /* FairingSketch.app */;
			productType = "com.apple.product-type.application";
		};
		105DB7121BFECA8500B48946 /* FairingSketchTests */ = {
			isa = PBXNativeTarget;
			buildConfigurationList = 105DB72A1BFECA8600B48946 /* Build configuration list for PBXNativeTarget "FairingSketchTests" */;
			buildPhases = (
				105DB70F1BFECA8500B48946 /* Sources */,
				105DB7101BFECA8500B48946 /* Frameworks */,
				105DB7111BFECA8500B48946 /* Resources */,
			);
			buildRules = (
			);
			dependencies = (
				105DB7151BFECA8500B48946 /* PBXTargetDependency */,
			);
			name = FairingSketchTests;
			productName = FairingSketchTests;
			productReference = 105DB7131BFECA8500B48946 /* FairingSketchTests.xctest */;
			productType = "com.apple.product-type.bundle.unit-test";
		};
		105DB71D1BFECA8500B48946 /* FairingSketchUITests */ = {
			isa = PBXNativeTarget;
			buildConfigurationList = 105DB72D1BFECA8600B48946 /* Build configuration list for PBXNativeTarget "FairingSketchUITests" */;
			buildPhases = (
				105DB71A1BFECA8500B48946 /* Sources */,
				105DB71B1BFECA8500B48946 /* Frameworks */,
				105DB71C1BFECA8500B48946 /* Resources */,
			);
			buildRules = (
			);
			dependencies = (
				105DB7201BFECA8500B48946 /* PBXTargetDependency */,
			);
			name = FairingSketchUITests;
			productName = FairingSketchUITests;
			productReference = 105DB71E1BFECA8500B48946 /* FairingSketchUITests.xctest */;
			productType = "com.apple.product-type.bundle.ui-testing";
		};
/* End PBXNativeTarget section */

/* Begin PBXProject section */
		105DB6F71BFECA8500B48946 /* Project object */ = {
			isa = PBXProject;
			attributes = {
				LastUpgradeCheck = 0700;
				ORGANIZATIONNAME = StarFall;
				TargetAttributes = {
					105DB6FE1BFECA8500B48946 = {
						CreatedOnToolsVersion = 7.0;
					};
					105DB7121BFECA8500B48946 = {
						CreatedOnToolsVersion = 7.0;
						TestTargetID = 105DB6FE1BFECA8500B48946;
					};
					105DB71D1BFECA8500B48946 = {
						CreatedOnToolsVersion = 7.0;
						TestTargetID = 105DB6FE1BFECA8500B48946;
					};
				};
			};
			buildConfigurationList = 105DB6FA1BFECA8500B48946 /* Build configuration list for PBXProject "FairingSketch" */;
			compatibilityVersion = "Xcode 3.2";
			developmentRegion = English;
			hasScannedForEncodings = 0;
			knownRegions = (
				en,
				Base,
			);
			mainGroup = 105DB6F61BFECA8500B48946;
			productRefGroup = 105DB7001BFECA8500B48946 /* Products */;
			projectDirPath = "";
			projectRoot = "";
			targets = (
				105DB6FE1BFECA8500B48946 /* FairingSketch */,
				105DB7121BFECA8500B48946 /* FairingSketchTests */,
				105DB71D1BFECA8500B48946 /* FairingSketchUITests */,
			);
		};
/* End PBXProject section */

/* Begin PBXResourcesBuildPhase section */
		105DB6FD1BFECA8500B48946 /* Resources */ = {
			isa = PBXResourcesBuildPhase;
			buildActionMask = 2147483647;
			files = (
				102E68411C008AC4003CEEF9 /* 4.png in Resources */,
				102E683B1C008ABC003CEEF9 /* 9.png in Resources */,
				102E682F1C008A1A003CEEF9 /* 3.png in Resources */,
				102E683A1C008ABC003CEEF9 /* 10.png in Resources */,
				105DB70D1BFECA8500B48946 /* LaunchScreen.storyboard in Resources */,
				102E683F1C008ABC003CEEF9 /* 5.png in Resources */,
				102E682D1C0086C5003CEEF9 /* 2.png in Resources */,
				102E683D1C008ABC003CEEF9 /* 7.png in Resources */,
				102E683C1C008ABC003CEEF9 /* 8.png in Resources */,
				105DB70A1BFECA8500B48946 /* Assets.xcassets in Resources */,
				105DB7081BFECA8500B48946 /* Main.storyboard in Resources */,
				102E68391C008ABC003CEEF9 /* 11.png in Resources */,
				102E682B1C0081DE003CEEF9 /* 1.png in Resources */,
				102E68381C008ABC003CEEF9 /* 12.png in Resources */,
				102E683E1C008ABC003CEEF9 /* 6.png in Resources */,
			);
			runOnlyForDeploymentPostprocessing = 0;
		};
		105DB7111BFECA8500B48946 /* Resources */ = {
			isa = PBXResourcesBuildPhase;
			buildActionMask = 2147483647;
			files = (
			);
			runOnlyForDeploymentPostprocessing = 0;
		};
		105DB71C1BFECA8500B48946 /* Resources */ = {
			isa = PBXResourcesBuildPhase;
			buildActionMask = 2147483647;
			files = (
			);
			runOnlyForDeploymentPostprocessing = 0;
		};
/* End PBXResourcesBuildPhase section */

/* Begin PBXSourcesBuildPhase section */
		105DB6FB1BFECA8500B48946 /* Sources */ = {
			isa = PBXSourcesBuildPhase;
			buildActionMask = 2147483647;
			files = (
				10C85A221BFEE25C0014F1EC /* UIViewController+Navigation.swift in Sources */,
				105DB7031BFECA8500B48946 /* AppDelegate.swift in Sources */,
			);
			runOnlyForDeploymentPostprocessing = 0;
		};
		105DB70F1BFECA8500B48946 /* Sources */ = {
			isa = PBXSourcesBuildPhase;
			buildActionMask = 2147483647;
			files = (
				105DB7181BFECA8500B48946 /* FairingSketchTests.swift in Sources */,
			);
			runOnlyForDeploymentPostprocessing = 0;
		};
		105DB71A1BFECA8500B48946 /* Sources */ = {
			isa = PBXSourcesBuildPhase;
			buildActionMask = 2147483647;
			files = (
				105DB7231BFECA8600B48946 /* FairingSketchUITests.swift in Sources */,
			);
			runOnlyForDeploymentPostprocessing = 0;
		};
/* End PBXSourcesBuildPhase section */

/* Begin PBXTargetDependency section */
		105DB7151BFECA8500B48946 /* PBXTargetDependency */ = {
			isa = PBXTargetDependency;
			target = 105DB6FE1BFECA8500B48946 /* FairingSketch */;
			targetProxy = 105DB7141BFECA8500B48946 /* PBXContainerItemProxy */;
		};
		105DB7201BFECA8500B48946 /* PBXTargetDependency */ = {
			isa = PBXTargetDependency;
			target = 105DB6FE1BFECA8500B48946 /* FairingSketch */;
			targetProxy = 105DB71F1BFECA8500B48946 /* PBXContainerItemProxy */;
		};
/* End PBXTargetDependency section */

/* Begin PBXVariantGroup section */
		105DB7061BFECA8500B48946 /* Main.storyboard */ = {
			isa = PBXVariantGroup;
			children = (
				105DB7071BFECA8500B48946 /* Base */,
			);
			name = Main.storyboard;
			sourceTree = "<group>";
		};
		105DB70B1BFECA8500B48946 /* LaunchScreen.storyboard */ = {
			isa = PBXVariantGroup;
			children = (
				105DB70C1BFECA8500B48946 /* Base */,
			);
			name = LaunchScreen.storyboard;
			sourceTree = "<group>";
		};
/* End PBXVariantGroup section */

/* Begin XCBuildConfiguration section */
		105DB7251BFECA8600B48946 /* Debug */ = {
			isa = XCBuildConfiguration;
			buildSettings = {
				ALWAYS_SEARCH_USER_PATHS = NO;
				CLANG_CXX_LANGUAGE_STANDARD = "gnu++0x";
				CLANG_CXX_LIBRARY = "libc++";
				CLANG_ENABLE_MODULES = YES;
				CLANG_ENABLE_OBJC_ARC = YES;
				CLANG_WARN_BOOL_CONVERSION = YES;
				CLANG_WARN_CONSTANT_CONVERSION = YES;
				CLANG_WARN_DIRECT_OBJC_ISA_USAGE = YES_ERROR;
				CLANG_WARN_EMPTY_BODY = YES;
				CLANG_WARN_ENUM_CONVERSION = YES;
				CLANG_WARN_INT_CONVERSION = YES;
				CLANG_WARN_OBJC_ROOT_CLASS = YES_ERROR;
				CLANG_WARN_UNREACHABLE_CODE = YES;
				CLANG_WARN__DUPLICATE_METHOD_MATCH = YES;
				"CODE_SIGN_IDENTITY[sdk=iphoneos*]" = "iPhone Developer";
				COPY_PHASE_STRIP = NO;
				DEBUG_INFORMATION_FORMAT = dwarf;
				ENABLE_STRICT_OBJC_MSGSEND = YES;
				ENABLE_TESTABILITY = YES;
				GCC_C_LANGUAGE_STANDARD = gnu99;
				GCC_DYNAMIC_NO_PIC = NO;
				GCC_NO_COMMON_BLOCKS = YES;
				GCC_OPTIMIZATION_LEVEL = 0;
				GCC_PREPROCESSOR_DEFINITIONS = (
					"DEBUG=1",
					"$(inherited)",
				);
				GCC_WARN_64_TO_32_BIT_CONVERSION = YES;
				GCC_WARN_ABOUT_RETURN_TYPE = YES_ERROR;
				GCC_WARN_UNDECLARED_SELECTOR = YES;
				GCC_WARN_UNINITIALIZED_AUTOS = YES_AGGRESSIVE;
				GCC_WARN_UNUSED_FUNCTION = YES;
				GCC_WARN_UNUSED_VARIABLE = YES;
				IPHONEOS_DEPLOYMENT_TARGET = 9.0;
				MTL_ENABLE_DEBUG_INFO = YES;
				ONLY_ACTIVE_ARCH = YES;
				SDKROOT = iphoneos;
				SWIFT_OPTIMIZATION_LEVEL = "-Onone";
				TARGETED_DEVICE_FAMILY = "1,2";
			};
			name = Debug;
		};
		105DB7261BFECA8600B48946 /* Release */ = {
			isa = XCBuildConfiguration;
			buildSettings = {
				ALWAYS_SEARCH_USER_PATHS = NO;
				CLANG_CXX_LANGUAGE_STANDARD = "gnu++0x";
				CLANG_CXX_LIBRARY = "libc++";
				CLANG_ENABLE_MODULES = YES;
				CLANG_ENABLE_OBJC_ARC = YES;
				CLANG_WARN_BOOL_CONVERSION = YES;
				CLANG_WARN_CONSTANT_CONVERSION = YES;
				CLANG_WARN_DIRECT_OBJC_ISA_USAGE = YES_ERROR;
				CLANG_WARN_EMPTY_BODY = YES;
				CLANG_WARN_ENUM_CONVERSION = YES;
				CLANG_WARN_INT_CONVERSION = YES;
				CLANG_WARN_OBJC_ROOT_CLASS = YES_ERROR;
				CLANG_WARN_UNREACHABLE_CODE = YES;
				CLANG_WARN__DUPLICATE_METHOD_MATCH = YES;
				"CODE_SIGN_IDENTITY[sdk=iphoneos*]" = "iPhone Developer";
				COPY_PHASE_STRIP = NO;
				DEBUG_INFORMATION_FORMAT = "dwarf-with-dsym";
				ENABLE_NS_ASSERTIONS = NO;
				ENABLE_STRICT_OBJC_MSGSEND = YES;
				GCC_C_LANGUAGE_STANDARD = gnu99;
				GCC_NO_COMMON_BLOCKS = YES;
				GCC_WARN_64_TO_32_BIT_CONVERSION = YES;
				GCC_WARN_ABOUT_RETURN_TYPE = YES_ERROR;
				GCC_WARN_UNDECLARED_SELECTOR = YES;
				GCC_WARN_UNINITIALIZED_AUTOS = YES_AGGRESSIVE;
				GCC_WARN_UNUSED_FUNCTION = YES;
				GCC_WARN_UNUSED_VARIABLE = YES;
				IPHONEOS_DEPLOYMENT_TARGET = 9.0;
				MTL_ENABLE_DEBUG_INFO = NO;
				SDKROOT = iphoneos;
				TARGETED_DEVICE_FAMILY = "1,2";
				VALIDATE_PRODUCT = YES;
			};
			name = Release;
		};
		105DB7281BFECA8600B48946 /* Debug */ = {
			isa = XCBuildConfiguration;
			buildSettings = {
				ASSETCATALOG_COMPILER_APPICON_NAME = AppIcon;
				FRAMEWORK_SEARCH_PATHS = "";
				INFOPLIST_FILE = FairingSketch/Info.plist;
				LD_RUNPATH_SEARCH_PATHS = "$(inherited) @executable_path/Frameworks";
				PRODUCT_BUNDLE_IDENTIFIER = com.StarFall.FairingSketch;
				PRODUCT_NAME = "$(TARGET_NAME)";
			};
			name = Debug;
		};
		105DB7291BFECA8600B48946 /* Release */ = {
			isa = XCBuildConfiguration;
			buildSettings = {
				ASSETCATALOG_COMPILER_APPICON_NAME = AppIcon;
				FRAMEWORK_SEARCH_PATHS = "";
				INFOPLIST_FILE = FairingSketch/Info.plist;
				LD_RUNPATH_SEARCH_PATHS = "$(inherited) @executable_path/Frameworks";
				PRODUCT_BUNDLE_IDENTIFIER = com.StarFall.FairingSketch;
				PRODUCT_NAME = "$(TARGET_NAME)";
			};
			name = Release;
		};
		105DB72B1BFECA8600B48946 /* Debug */ = {
			isa = XCBuildConfiguration;
			buildSettings = {
				BUNDLE_LOADER = "$(TEST_HOST)";
				INFOPLIST_FILE = FairingSketchTests/Info.plist;
				LD_RUNPATH_SEARCH_PATHS = "$(inherited) @executable_path/Frameworks @loader_path/Frameworks";
				PRODUCT_BUNDLE_IDENTIFIER = com.StarFall.FairingSketchTests;
				PRODUCT_NAME = "$(TARGET_NAME)";
				TEST_HOST = "$(BUILT_PRODUCTS_DIR)/FairingSketch.app/FairingSketch";
			};
			name = Debug;
		};
		105DB72C1BFECA8600B48946 /* Release */ = {
			isa = XCBuildConfiguration;
			buildSettings = {
				BUNDLE_LOADER = "$(TEST_HOST)";
				INFOPLIST_FILE = FairingSketchTests/Info.plist;
				LD_RUNPATH_SEARCH_PATHS = "$(inherited) @executable_path/Frameworks @loader_path/Frameworks";
				PRODUCT_BUNDLE_IDENTIFIER = com.StarFall.FairingSketchTests;
				PRODUCT_NAME = "$(TARGET_NAME)";
				TEST_HOST = "$(BUILT_PRODUCTS_DIR)/FairingSketch.app/FairingSketch";
			};
			name = Release;
		};
		105DB72E1BFECA8600B48946 /* Debug */ = {
			isa = XCBuildConfiguration;
			buildSettings = {
				INFOPLIST_FILE = FairingSketchUITests/Info.plist;
				LD_RUNPATH_SEARCH_PATHS = "$(inherited) @executable_path/Frameworks @loader_path/Frameworks";
				PRODUCT_BUNDLE_IDENTIFIER = com.StarFall.FairingSketchUITests;
				PRODUCT_NAME = "$(TARGET_NAME)";
				TEST_TARGET_NAME = FairingSketch;
				USES_XCTRUNNER = YES;
			};
			name = Debug;
		};
		105DB72F1BFECA8600B48946 /* Release */ = {
			isa = XCBuildConfiguration;
			buildSettings = {
				INFOPLIST_FILE = FairingSketchUITests/Info.plist;
				LD_RUNPATH_SEARCH_PATHS = "$(inherited) @executable_path/Frameworks @loader_path/Frameworks";
				PRODUCT_BUNDLE_IDENTIFIER = com.StarFall.FairingSketchUITests;
				PRODUCT_NAME = "$(TARGET_NAME)";
				TEST_TARGET_NAME = FairingSketch;
				USES_XCTRUNNER = YES;
			};
			name = Release;
		};
/* End XCBuildConfiguration section */

/* Begin XCConfigurationList section */
		105DB6FA1BFECA8500B48946 /* Build configuration list for PBXProject "FairingSketch" */ = {
			isa = XCConfigurationList;
			buildConfigurations = (
				105DB7251BFECA8600B48946 /* Debug */,
				105DB7261BFECA8600B48946 /* Release */,
			);
			defaultConfigurationIsVisible = 0;
			defaultConfigurationName = Release;
		};
		105DB7271BFECA8600B48946 /* Build configuration list for PBXNativeTarget "FairingSketch" */ = {
			isa = XCConfigurationList;
			buildConfigurations = (
				105DB7281BFECA8600B48946 /* Debug */,
				105DB7291BFECA8600B48946 /* Release */,
			);
			defaultConfigurationIsVisible = 0;
			defaultConfigurationName = Release;
		};
		105DB72A1BFECA8600B48946 /* Build configuration list for PBXNativeTarget "FairingSketchTests" */ = {
			isa = XCConfigurationList;
			buildConfigurations = (
				105DB72B1BFECA8600B48946 /* Debug */,
				105DB72C1BFECA8600B48946 /* Release */,
			);
			defaultConfigurationIsVisible = 0;
			defaultConfigurationName = Release;
		};
		105DB72D1BFECA8600B48946 /* Build configuration list for PBXNativeTarget "FairingSketchUITests" */ = {
			isa = XCConfigurationList;
			buildConfigurations = (
				105DB72E1BFECA8600B48946 /* Debug */,
				105DB72F1BFECA8600B48946 /* Release */,
			);
			defaultConfigurationIsVisible = 0;
			defaultConfigurationName = Release;
		};
/* End XCConfigurationList section */
	};
	rootObject = 105DB6F71BFECA8500B48946 /* Project object */;
}
