// !$*UTF8*$!
{
	archiveVersion = 1;
	classes = {
	};
	objectVersion = 46;
	objects = {

/* Begin PBXBuildFile section */
		764194081C072DB400DE0097 /* AppDelegate.swift in Sources */ = {isa = PBXBuildFile; fileRef = 764194071C072DB400DE0097 /* AppDelegate.swift */; };
		7641940A1C072DB400DE0097 /* ViewController.swift in Sources */ = {isa = PBXBuildFile; fileRef = 764194091C072DB400DE0097 /* ViewController.swift */; };
		7641940D1C072DB400DE0097 /* Main.storyboard in Resources */ = {isa = PBXBuildFile; fileRef = 7641940B1C072DB400DE0097 /* Main.storyboard */; };
		7641940F1C072DB400DE0097 /* Assets.xcassets in Resources */ = {isa = PBXBuildFile; fileRef = 7641940E1C072DB400DE0097 /* Assets.xcassets */; };
		764194121C072DB400DE0097 /* LaunchScreen.storyboard in Resources */ = {isa = PBXBuildFile; fileRef = 764194101C072DB400DE0097 /* LaunchScreen.storyboard */; };
		7641941A1C072DFA00DE0097 /* UIViewController+Navigation.swift in Sources */ = {isa = PBXBuildFile; fileRef = 764194191C072DFA00DE0097 /* UIViewController+Navigation.swift */; };
/* End PBXBuildFile section */

/* Begin PBXFileReference section */
		764194041C072DB400DE0097 /* HandPlotterMockup.app */ = {isa = PBXFileReference; explicitFileType = wrapper.application; includeInIndex = 0; path = HandPlotterMockup.app; sourceTree = BUILT_PRODUCTS_DIR; };
		764194071C072DB400DE0097 /* AppDelegate.swift */ = {isa = PBXFileReference; lastKnownFileType = sourcecode.swift; path = AppDelegate.swift; sourceTree = "<group>"; };
		764194091C072DB400DE0097 /* ViewController.swift */ = {isa = PBXFileReference; lastKnownFileType = sourcecode.swift; path = ViewController.swift; sourceTree = "<group>"; };
		7641940C1C072DB400DE0097 /* Base */ = {isa = PBXFileReference; lastKnownFileType = file.storyboard; name = Base; path = Base.lproj/Main.storyboard; sourceTree = "<group>"; };
		7641940E1C072DB400DE0097 /* Assets.xcassets */ = {isa = PBXFileReference; lastKnownFileType = folder.assetcatalog; path = Assets.xcassets; sourceTree = "<group>"; };
		764194111C072DB400DE0097 /* Base */ = {isa = PBXFileReference; lastKnownFileType = file.storyboard; name = Base; path = Base.lproj/LaunchScreen.storyboard; sourceTree = "<group>"; };
		764194131C072DB400DE0097 /* Info.plist */ = {isa = PBXFileReference; lastKnownFileType = text.plist.xml; path = Info.plist; sourceTree = "<group>"; };
		764194191C072DFA00DE0097 /* UIViewController+Navigation.swift */ = {isa = PBXFileReference; fileEncoding = 4; lastKnownFileType = sourcecode.swift; path = "UIViewController+Navigation.swift"; sourceTree = "<group>"; };
/* End PBXFileReference section */

/* Begin PBXFrameworksBuildPhase section */
		764194011C072DB400DE0097 /* Frameworks */ = {
			isa = PBXFrameworksBuildPhase;
			buildActionMask = 2147483647;
			files = (
			);
			runOnlyForDeploymentPostprocessing = 0;
		};
/* End PBXFrameworksBuildPhase section */

/* Begin PBXGroup section */
		764193FB1C072DB400DE0097 = {
			isa = PBXGroup;
			children = (
				764194061C072DB400DE0097 /* HandPlotterMockup */,
				764194051C072DB400DE0097 /* Products */,
			);
			sourceTree = "<group>";
		};
		764194051C072DB400DE0097 /* Products */ = {
			isa = PBXGroup;
			children = (
				764194041C072DB400DE0097 /* HandPlotterMockup.app */,
			);
			name = Products;
			sourceTree = "<group>";
		};
		764194061C072DB400DE0097 /* HandPlotterMockup */ = {
			isa = PBXGroup;
			children = (
				764194071C072DB400DE0097 /* AppDelegate.swift */,
				764194091C072DB400DE0097 /* ViewController.swift */,
				764194191C072DFA00DE0097 /* UIViewController+Navigation.swift */,
				7641940B1C072DB400DE0097 /* Main.storyboard */,
				7641940E1C072DB400DE0097 /* Assets.xcassets */,
				764194101C072DB400DE0097 /* LaunchScreen.storyboard */,
				764194131C072DB400DE0097 /* Info.plist */,
			);
			path = HandPlotterMockup;
			sourceTree = "<group>";
		};
/* End PBXGroup section */

/* Begin PBXNativeTarget section */
		764194031C072DB400DE0097 /* HandPlotterMockup */ = {
			isa = PBXNativeTarget;
			buildConfigurationList = 764194161C072DB400DE0097 /* Build configuration list for PBXNativeTarget "HandPlotterMockup" */;
			buildPhases = (
				764194001C072DB400DE0097 /* Sources */,
				764194011C072DB400DE0097 /* Frameworks */,
				764194021C072DB400DE0097 /* Resources */,
			);
			buildRules = (
			);
			dependencies = (
			);
			name = HandPlotterMockup;
			productName = HandPlotterMockup;
			productReference = 764194041C072DB400DE0097 /* HandPlotterMockup.app */;
			productType = "com.apple.product-type.application";
		};
/* End PBXNativeTarget section */

/* Begin PBXProject section */
		764193FC1C072DB400DE0097 /* Project object */ = {
			isa = PBXProject;
			attributes = {
				LastSwiftUpdateCheck = 0710;
				LastUpgradeCheck = 0710;
				ORGANIZATIONNAME = "JuSeoo Yeom";
				TargetAttributes = {
					764194031C072DB400DE0097 = {
						CreatedOnToolsVersion = 7.1;
					};
				};
			};
			buildConfigurationList = 764193FF1C072DB400DE0097 /* Build configuration list for PBXProject "HandPlotterMockup" */;
			compatibilityVersion = "Xcode 3.2";
			developmentRegion = English;
			hasScannedForEncodings = 0;
			knownRegions = (
				en,
				Base,
			);
			mainGroup = 764193FB1C072DB400DE0097;
			productRefGroup = 764194051C072DB400DE0097 /* Products */;
			projectDirPath = "";
			projectRoot = "";
			targets = (
				764194031C072DB400DE0097 /* HandPlotterMockup */,
			);
		};
/* End PBXProject section */

/* Begin PBXResourcesBuildPhase section */
		764194021C072DB400DE0097 /* Resources */ = {
			isa = PBXResourcesBuildPhase;
			buildActionMask = 2147483647;
			files = (
				764194121C072DB400DE0097 /* LaunchScreen.storyboard in Resources */,
				7641940F1C072DB400DE0097 /* Assets.xcassets in Resources */,
				7641940D1C072DB400DE0097 /* Main.storyboard in Resources */,
			);
			runOnlyForDeploymentPostprocessing = 0;
		};
/* End PBXResourcesBuildPhase section */

/* Begin PBXSourcesBuildPhase section */
		764194001C072DB400DE0097 /* Sources */ = {
			isa = PBXSourcesBuildPhase;
			buildActionMask = 2147483647;
			files = (
				7641941A1C072DFA00DE0097 /* UIViewController+Navigation.swift in Sources */,
				7641940A1C072DB400DE0097 /* ViewController.swift in Sources */,
				764194081C072DB400DE0097 /* AppDelegate.swift in Sources */,
			);
			runOnlyForDeploymentPostprocessing = 0;
		};
/* End PBXSourcesBuildPhase section */

/* Begin PBXVariantGroup section */
		7641940B1C072DB400DE0097 /* Main.storyboard */ = {
			isa = PBXVariantGroup;
			children = (
				7641940C1C072DB400DE0097 /* Base */,
			);
			name = Main.storyboard;
			sourceTree = "<group>";
		};
		764194101C072DB400DE0097 /* LaunchScreen.storyboard */ = {
			isa = PBXVariantGroup;
			children = (
				764194111C072DB400DE0097 /* Base */,
			);
			name = LaunchScreen.storyboard;
			sourceTree = "<group>";
		};
/* End PBXVariantGroup section */

/* Begin XCBuildConfiguration section */
		764194141C072DB400DE0097 /* Debug */ = {
			isa = XCBuildConfiguration;
			buildSettings = {
				ALWAYS_SEARCH_USER_PATHS = NO;
				CLANG_CXX_LANGUAGE_STANDARD = "gnu++0x";
				CLANG_CXX_LIBRARY = "libc++";
				CLANG_ENABLE_MODULES = YES;
				CLANG_ENABLE_OBJC_ARC = YES;
				CLANG_WARN_BOOL_CONVERSION = YES;
				CLANG_WARN_CONSTANT_CONVERSION = YES;
				CLANG_WARN_DIRECT_OBJC_ISA_USAGE = YES_ERROR;
				CLANG_WARN_EMPTY_BODY = YES;
				CLANG_WARN_ENUM_CONVERSION = YES;
				CLANG_WARN_INT_CONVERSION = YES;
				CLANG_WARN_OBJC_ROOT_CLASS = YES_ERROR;
				CLANG_WARN_UNREACHABLE_CODE = YES;
				CLANG_WARN__DUPLICATE_METHOD_MATCH = YES;
				"CODE_SIGN_IDENTITY[sdk=iphoneos*]" = "iPhone Developer";
				COPY_PHASE_STRIP = NO;
				DEBUG_INFORMATION_FORMAT = dwarf;
				ENABLE_STRICT_OBJC_MSGSEND = YES;
				ENABLE_TESTABILITY = YES;
				GCC_C_LANGUAGE_STANDARD = gnu99;
				GCC_DYNAMIC_NO_PIC = NO;
				GCC_NO_COMMON_BLOCKS = YES;
				GCC_OPTIMIZATION_LEVEL = 0;
				GCC_PREPROCESSOR_DEFINITIONS = (
					"DEBUG=1",
					"$(inherited)",
				);
				GCC_WARN_64_TO_32_BIT_CONVERSION = YES;
				GCC_WARN_ABOUT_RETURN_TYPE = YES_ERROR;
				GCC_WARN_UNDECLARED_SELECTOR = YES;
				GCC_WARN_UNINITIALIZED_AUTOS = YES_AGGRESSIVE;
				GCC_WARN_UNUSED_FUNCTION = YES;
				GCC_WARN_UNUSED_VARIABLE = YES;
				IPHONEOS_DEPLOYMENT_TARGET = 9.1;
				MTL_ENABLE_DEBUG_INFO = YES;
				ONLY_ACTIVE_ARCH = YES;
				SDKROOT = iphoneos;
				SWIFT_OPTIMIZATION_LEVEL = "-Onone";
				TARGETED_DEVICE_FAMILY = "1,2";
			};
			name = Debug;
		};
		764194151C072DB400DE0097 /* Release */ = {
			isa = XCBuildConfiguration;
			buildSettings = {
				ALWAYS_SEARCH_USER_PATHS = NO;
				CLANG_CXX_LANGUAGE_STANDARD = "gnu++0x";
				CLANG_CXX_LIBRARY = "libc++";
				CLANG_ENABLE_MODULES = YES;
				CLANG_ENABLE_OBJC_ARC = YES;
				CLANG_WARN_BOOL_CONVERSION = YES;
				CLANG_WARN_CONSTANT_CONVERSION = YES;
				CLANG_WARN_DIRECT_OBJC_ISA_USAGE = YES_ERROR;
				CLANG_WARN_EMPTY_BODY = YES;
				CLANG_WARN_ENUM_CONVERSION = YES;
				CLANG_WARN_INT_CONVERSION = YES;
				CLANG_WARN_OBJC_ROOT_CLASS = YES_ERROR;
				CLANG_WARN_UNREACHABLE_CODE = YES;
				CLANG_WARN__DUPLICATE_METHOD_MATCH = YES;
				"CODE_SIGN_IDENTITY[sdk=iphoneos*]" = "iPhone Developer";
				COPY_PHASE_STRIP = NO;
				DEBUG_INFORMATION_FORMAT = "dwarf-with-dsym";
				ENABLE_NS_ASSERTIONS = NO;
				ENABLE_STRICT_OBJC_MSGSEND = YES;
				GCC_C_LANGUAGE_STANDARD = gnu99;
				GCC_NO_COMMON_BLOCKS = YES;
				GCC_WARN_64_TO_32_BIT_CONVERSION = YES;
				GCC_WARN_ABOUT_RETURN_TYPE = YES_ERROR;
				GCC_WARN_UNDECLARED_SELECTOR = YES;
				GCC_WARN_UNINITIALIZED_AUTOS = YES_AGGRESSIVE;
				GCC_WARN_UNUSED_FUNCTION = YES;
				GCC_WARN_UNUSED_VARIABLE = YES;
				IPHONEOS_DEPLOYMENT_TARGET = 9.1;
				MTL_ENABLE_DEBUG_INFO = NO;
				SDKROOT = iphoneos;
				TARGETED_DEVICE_FAMILY = "1,2";
				VALIDATE_PRODUCT = YES;
			};
			name = Release;
		};
		764194171C072DB400DE0097 /* Debug */ = {
			isa = XCBuildConfiguration;
			buildSettings = {
				ASSETCATALOG_COMPILER_APPICON_NAME = AppIcon;
				INFOPLIST_FILE = HandPlotterMockup/Info.plist;
				LD_RUNPATH_SEARCH_PATHS = "$(inherited) @executable_path/Frameworks";
				PRODUCT_BUNDLE_IDENTIFIER = "JuSeop-Yeom.HandPlotterMockup";
				PRODUCT_NAME = "$(TARGET_NAME)";
			};
			name = Debug;
		};
		764194181C072DB400DE0097 /* Release */ = {
			isa = XCBuildConfiguration;
			buildSettings = {
				ASSETCATALOG_COMPILER_APPICON_NAME = AppIcon;
				INFOPLIST_FILE = HandPlotterMockup/Info.plist;
				LD_RUNPATH_SEARCH_PATHS = "$(inherited) @executable_path/Frameworks";
				PRODUCT_BUNDLE_IDENTIFIER = "JuSeop-Yeom.HandPlotterMockup";
				PRODUCT_NAME = "$(TARGET_NAME)";
			};
			name = Release;
		};
/* End XCBuildConfiguration section */

/* Begin XCConfigurationList section */
		764193FF1C072DB400DE0097 /* Build configuration list for PBXProject "HandPlotterMockup" */ = {
			isa = XCConfigurationList;
			buildConfigurations = (
				764194141C072DB400DE0097 /* Debug */,
				764194151C072DB400DE0097 /* Release */,
			);
			defaultConfigurationIsVisible = 0;
			defaultConfigurationName = Release;
		};
		764194161C072DB400DE0097 /* Build configuration list for PBXNativeTarget "HandPlotterMockup" */ = {
			isa = XCConfigurationList;
			buildConfigurations = (
				764194171C072DB400DE0097 /* Debug */,
				764194181C072DB400DE0097 /* Release */,
			);
			defaultConfigurationIsVisible = 0;
		};
/* End XCConfigurationList section */
	};
	rootObject = 764193FC1C072DB400DE0097 /* Project object */;
}
