// !$*UTF8*$!
{
	archiveVersion = 1;
	classes = {
	};
	objectVersion = 46;
	objects = {

/* Begin PBXBuildFile section */
		7E6D0BD91C02CC99002CDF7F /* AppDelegate.swift in Sources */ = {isa = PBXBuildFile; fileRef = 7E6D0BD81C02CC99002CDF7F /* AppDelegate.swift */; };
		7E6D0BDB1C02CC99002CDF7F /* ViewController.swift in Sources */ = {isa = PBXBuildFile; fileRef = 7E6D0BDA1C02CC99002CDF7F /* ViewController.swift */; };
		7E6D0BDE1C02CC99002CDF7F /* Main.storyboard in Resources */ = {isa = PBXBuildFile; fileRef = 7E6D0BDC1C02CC99002CDF7F /* Main.storyboard */; };
		7E6D0BE01C02CC99002CDF7F /* Assets.xcassets in Resources */ = {isa = PBXBuildFile; fileRef = 7E6D0BDF1C02CC99002CDF7F /* Assets.xcassets */; };
		7E6D0BE31C02CC99002CDF7F /* LaunchScreen.storyboard in Resources */ = {isa = PBXBuildFile; fileRef = 7E6D0BE11C02CC99002CDF7F /* LaunchScreen.storyboard */; };
		7E6D0BEE1C02CC99002CDF7F /* taptapSketchTests.swift in Sources */ = {isa = PBXBuildFile; fileRef = 7E6D0BED1C02CC99002CDF7F /* taptapSketchTests.swift */; };
		7E6D0BF91C02CC99002CDF7F /* taptapSketchUITests.swift in Sources */ = {isa = PBXBuildFile; fileRef = 7E6D0BF81C02CC99002CDF7F /* taptapSketchUITests.swift */; };
/* End PBXBuildFile section */

/* Begin PBXContainerItemProxy section */
		7E6D0BEA1C02CC99002CDF7F /* PBXContainerItemProxy */ = {
			isa = PBXContainerItemProxy;
			containerPortal = 7E6D0BCD1C02CC99002CDF7F /* Project object */;
			proxyType = 1;
			remoteGlobalIDString = 7E6D0BD41C02CC99002CDF7F;
			remoteInfo = taptapSketch;
		};
		7E6D0BF51C02CC99002CDF7F /* PBXContainerItemProxy */ = {
			isa = PBXContainerItemProxy;
			containerPortal = 7E6D0BCD1C02CC99002CDF7F /* Project object */;
			proxyType = 1;
			remoteGlobalIDString = 7E6D0BD41C02CC99002CDF7F;
			remoteInfo = taptapSketch;
		};
/* End PBXContainerItemProxy section */

/* Begin PBXFileReference section */
		7E6D0BD51C02CC99002CDF7F /* taptapSketch.app */ = {isa = PBXFileReference; explicitFileType = wrapper.application; includeInIndex = 0; path = taptapSketch.app; sourceTree = BUILT_PRODUCTS_DIR; };
		7E6D0BD81C02CC99002CDF7F /* AppDelegate.swift */ = {isa = PBXFileReference; lastKnownFileType = sourcecode.swift; path = AppDelegate.swift; sourceTree = "<group>"; };
		7E6D0BDA1C02CC99002CDF7F /* ViewController.swift */ = {isa = PBXFileReference; lastKnownFileType = sourcecode.swift; path = ViewController.swift; sourceTree = "<group>"; };
		7E6D0BDD1C02CC99002CDF7F /* Base */ = {isa = PBXFileReference; lastKnownFileType = file.storyboard; name = Base; path = Base.lproj/Main.storyboard; sourceTree = "<group>"; };
		7E6D0BDF1C02CC99002CDF7F /* Assets.xcassets */ = {isa = PBXFileReference; lastKnownFileType = folder.assetcatalog; path = Assets.xcassets; sourceTree = "<group>"; };
		7E6D0BE21C02CC99002CDF7F /* Base */ = {isa = PBXFileReference; lastKnownFileType = file.storyboard; name = Base; path = Base.lproj/LaunchScreen.storyboard; sourceTree = "<group>"; };
		7E6D0BE41C02CC99002CDF7F /* Info.plist */ = {isa = PBXFileReference; lastKnownFileType = text.plist.xml; path = Info.plist; sourceTree = "<group>"; };
		7E6D0BE91C02CC99002CDF7F /* taptapSketchTests.xctest */ = {isa = PBXFileReference; explicitFileType = wrapper.cfbundle; includeInIndex = 0; path = taptapSketchTests.xctest; sourceTree = BUILT_PRODUCTS_DIR; };
		7E6D0BED1C02CC99002CDF7F /* taptapSketchTests.swift */ = {isa = PBXFileReference; lastKnownFileType = sourcecode.swift; path = taptapSketchTests.swift; sourceTree = "<group>"; };
		7E6D0BEF1C02CC99002CDF7F /* Info.plist */ = {isa = PBXFileReference; lastKnownFileType = text.plist.xml; path = Info.plist; sourceTree = "<group>"; };
		7E6D0BF41C02CC99002CDF7F /* taptapSketchUITests.xctest */ = {isa = PBXFileReference; explicitFileType = wrapper.cfbundle; includeInIndex = 0; path = taptapSketchUITests.xctest; sourceTree = BUILT_PRODUCTS_DIR; };
		7E6D0BF81C02CC99002CDF7F /* taptapSketchUITests.swift */ = {isa = PBXFileReference; lastKnownFileType = sourcecode.swift; path = taptapSketchUITests.swift; sourceTree = "<group>"; };
		7E6D0BFA1C02CC99002CDF7F /* Info.plist */ = {isa = PBXFileReference; lastKnownFileType = text.plist.xml; path = Info.plist; sourceTree = "<group>"; };
/* End PBXFileReference section */

/* Begin PBXFrameworksBuildPhase section */
		7E6D0BD21C02CC99002CDF7F /* Frameworks */ = {
			isa = PBXFrameworksBuildPhase;
			buildActionMask = 2147483647;
			files = (
			);
			runOnlyForDeploymentPostprocessing = 0;
		};
		7E6D0BE61C02CC99002CDF7F /* Frameworks */ = {
			isa = PBXFrameworksBuildPhase;
			buildActionMask = 2147483647;
			files = (
			);
			runOnlyForDeploymentPostprocessing = 0;
		};
		7E6D0BF11C02CC99002CDF7F /* Frameworks */ = {
			isa = PBXFrameworksBuildPhase;
			buildActionMask = 2147483647;
			files = (
			);
			runOnlyForDeploymentPostprocessing = 0;
		};
/* End PBXFrameworksBuildPhase section */

/* Begin PBXGroup section */
		7E6D0BCC1C02CC99002CDF7F = {
			isa = PBXGroup;
			children = (
				7E6D0BD71C02CC99002CDF7F /* taptapSketch */,
				7E6D0BEC1C02CC99002CDF7F /* taptapSketchTests */,
				7E6D0BF71C02CC99002CDF7F /* taptapSketchUITests */,
				7E6D0BD61C02CC99002CDF7F /* Products */,
			);
			sourceTree = "<group>";
		};
		7E6D0BD61C02CC99002CDF7F /* Products */ = {
			isa = PBXGroup;
			children = (
				7E6D0BD51C02CC99002CDF7F /* taptapSketch.app */,
				7E6D0BE91C02CC99002CDF7F /* taptapSketchTests.xctest */,
				7E6D0BF41C02CC99002CDF7F /* taptapSketchUITests.xctest */,
			);
			name = Products;
			sourceTree = "<group>";
		};
		7E6D0BD71C02CC99002CDF7F /* taptapSketch */ = {
			isa = PBXGroup;
			children = (
				7E6D0BD81C02CC99002CDF7F /* AppDelegate.swift */,
				7E6D0BDA1C02CC99002CDF7F /* ViewController.swift */,
				7E6D0BDC1C02CC99002CDF7F /* Main.storyboard */,
				7E6D0BDF1C02CC99002CDF7F /* Assets.xcassets */,
				7E6D0BE11C02CC99002CDF7F /* LaunchScreen.storyboard */,
				7E6D0BE41C02CC99002CDF7F /* Info.plist */,
			);
			path = taptapSketch;
			sourceTree = "<group>";
		};
		7E6D0BEC1C02CC99002CDF7F /* taptapSketchTests */ = {
			isa = PBXGroup;
			children = (
				7E6D0BED1C02CC99002CDF7F /* taptapSketchTests.swift */,
				7E6D0BEF1C02CC99002CDF7F /* Info.plist */,
			);
			path = taptapSketchTests;
			sourceTree = "<group>";
		};
		7E6D0BF71C02CC99002CDF7F /* taptapSketchUITests */ = {
			isa = PBXGroup;
			children = (
				7E6D0BF81C02CC99002CDF7F /* taptapSketchUITests.swift */,
				7E6D0BFA1C02CC99002CDF7F /* Info.plist */,
			);
			path = taptapSketchUITests;
			sourceTree = "<group>";
		};
/* End PBXGroup section */

/* Begin PBXNativeTarget section */
		7E6D0BD41C02CC99002CDF7F /* taptapSketch */ = {
			isa = PBXNativeTarget;
			buildConfigurationList = 7E6D0BFD1C02CC99002CDF7F /* Build configuration list for PBXNativeTarget "taptapSketch" */;
			buildPhases = (
				7E6D0BD11C02CC99002CDF7F /* Sources */,
				7E6D0BD21C02CC99002CDF7F /* Frameworks */,
				7E6D0BD31C02CC99002CDF7F /* Resources */,
			);
			buildRules = (
			);
			dependencies = (
			);
			name = taptapSketch;
			productName = taptapSketch;
			productReference = 7E6D0BD51C02CC99002CDF7F /* taptapSketch.app */;
			productType = "com.apple.product-type.application";
		};
		7E6D0BE81C02CC99002CDF7F /* taptapSketchTests */ = {
			isa = PBXNativeTarget;
			buildConfigurationList = 7E6D0C001C02CC99002CDF7F /* Build configuration list for PBXNativeTarget "taptapSketchTests" */;
			buildPhases = (
				7E6D0BE51C02CC99002CDF7F /* Sources */,
				7E6D0BE61C02CC99002CDF7F /* Frameworks */,
				7E6D0BE71C02CC99002CDF7F /* Resources */,
			);
			buildRules = (
			);
			dependencies = (
				7E6D0BEB1C02CC99002CDF7F /* PBXTargetDependency */,
			);
			name = taptapSketchTests;
			productName = taptapSketchTests;
			productReference = 7E6D0BE91C02CC99002CDF7F /* taptapSketchTests.xctest */;
			productType = "com.apple.product-type.bundle.unit-test";
		};
		7E6D0BF31C02CC99002CDF7F /* taptapSketchUITests */ = {
			isa = PBXNativeTarget;
			buildConfigurationList = 7E6D0C031C02CC99002CDF7F /* Build configuration list for PBXNativeTarget "taptapSketchUITests" */;
			buildPhases = (
				7E6D0BF01C02CC99002CDF7F /* Sources */,
				7E6D0BF11C02CC99002CDF7F /* Frameworks */,
				7E6D0BF21C02CC99002CDF7F /* Resources */,
			);
			buildRules = (
			);
			dependencies = (
				7E6D0BF61C02CC99002CDF7F /* PBXTargetDependency */,
			);
			name = taptapSketchUITests;
			productName = taptapSketchUITests;
			productReference = 7E6D0BF41C02CC99002CDF7F /* taptapSketchUITests.xctest */;
			productType = "com.apple.product-type.bundle.ui-testing";
		};
/* End PBXNativeTarget section */

/* Begin PBXProject section */
		7E6D0BCD1C02CC99002CDF7F /* Project object */ = {
			isa = PBXProject;
			attributes = {
				LastUpgradeCheck = 0700;
				ORGANIZATIONNAME = itct05;
				TargetAttributes = {
					7E6D0BD41C02CC99002CDF7F = {
						CreatedOnToolsVersion = 7.0;
					};
					7E6D0BE81C02CC99002CDF7F = {
						CreatedOnToolsVersion = 7.0;
						TestTargetID = 7E6D0BD41C02CC99002CDF7F;
					};
					7E6D0BF31C02CC99002CDF7F = {
						CreatedOnToolsVersion = 7.0;
						TestTargetID = 7E6D0BD41C02CC99002CDF7F;
					};
				};
			};
			buildConfigurationList = 7E6D0BD01C02CC99002CDF7F /* Build configuration list for PBXProject "taptapSketch" */;
			compatibilityVersion = "Xcode 3.2";
			developmentRegion = English;
			hasScannedForEncodings = 0;
			knownRegions = (
				en,
				Base,
			);
			mainGroup = 7E6D0BCC1C02CC99002CDF7F;
			productRefGroup = 7E6D0BD61C02CC99002CDF7F /* Products */;
			projectDirPath = "";
			projectRoot = "";
			targets = (
				7E6D0BD41C02CC99002CDF7F /* taptapSketch */,
				7E6D0BE81C02CC99002CDF7F /* taptapSketchTests */,
				7E6D0BF31C02CC99002CDF7F /* taptapSketchUITests */,
			);
		};
/* End PBXProject section */

/* Begin PBXResourcesBuildPhase section */
		7E6D0BD31C02CC99002CDF7F /* Resources */ = {
			isa = PBXResourcesBuildPhase;
			buildActionMask = 2147483647;
			files = (
				7E6D0BE31C02CC99002CDF7F /* LaunchScreen.storyboard in Resources */,
				7E6D0BE01C02CC99002CDF7F /* Assets.xcassets in Resources */,
				7E6D0BDE1C02CC99002CDF7F /* Main.storyboard in Resources */,
			);
			runOnlyForDeploymentPostprocessing = 0;
		};
		7E6D0BE71C02CC99002CDF7F /* Resources */ = {
			isa = PBXResourcesBuildPhase;
			buildActionMask = 2147483647;
			files = (
			);
			runOnlyForDeploymentPostprocessing = 0;
		};
		7E6D0BF21C02CC99002CDF7F /* Resources */ = {
			isa = PBXResourcesBuildPhase;
			buildActionMask = 2147483647;
			files = (
			);
			runOnlyForDeploymentPostprocessing = 0;
		};
/* End PBXResourcesBuildPhase section */

/* Begin PBXSourcesBuildPhase section */
		7E6D0BD11C02CC99002CDF7F /* Sources */ = {
			isa = PBXSourcesBuildPhase;
			buildActionMask = 2147483647;
			files = (
				7E6D0BDB1C02CC99002CDF7F /* ViewController.swift in Sources */,
				7E6D0BD91C02CC99002CDF7F /* AppDelegate.swift in Sources */,
			);
			runOnlyForDeploymentPostprocessing = 0;
		};
		7E6D0BE51C02CC99002CDF7F /* Sources */ = {
			isa = PBXSourcesBuildPhase;
			buildActionMask = 2147483647;
			files = (
				7E6D0BEE1C02CC99002CDF7F /* taptapSketchTests.swift in Sources */,
			);
			runOnlyForDeploymentPostprocessing = 0;
		};
		7E6D0BF01C02CC99002CDF7F /* Sources */ = {
			isa = PBXSourcesBuildPhase;
			buildActionMask = 2147483647;
			files = (
				7E6D0BF91C02CC99002CDF7F /* taptapSketchUITests.swift in Sources */,
			);
			runOnlyForDeploymentPostprocessing = 0;
		};
/* End PBXSourcesBuildPhase section */

/* Begin PBXTargetDependency section */
		7E6D0BEB1C02CC99002CDF7F /* PBXTargetDependency */ = {
			isa = PBXTargetDependency;
			target = 7E6D0BD41C02CC99002CDF7F /* taptapSketch */;
			targetProxy = 7E6D0BEA1C02CC99002CDF7F /* PBXContainerItemProxy */;
		};
		7E6D0BF61C02CC99002CDF7F /* PBXTargetDependency */ = {
			isa = PBXTargetDependency;
			target = 7E6D0BD41C02CC99002CDF7F /* taptapSketch */;
			targetProxy = 7E6D0BF51C02CC99002CDF7F /* PBXContainerItemProxy */;
		};
/* End PBXTargetDependency section */

/* Begin PBXVariantGroup section */
		7E6D0BDC1C02CC99002CDF7F /* Main.storyboard */ = {
			isa = PBXVariantGroup;
			children = (
				7E6D0BDD1C02CC99002CDF7F /* Base */,
			);
			name = Main.storyboard;
			sourceTree = "<group>";
		};
		7E6D0BE11C02CC99002CDF7F /* LaunchScreen.storyboard */ = {
			isa = PBXVariantGroup;
			children = (
				7E6D0BE21C02CC99002CDF7F /* Base */,
			);
			name = LaunchScreen.storyboard;
			sourceTree = "<group>";
		};
/* End PBXVariantGroup section */

/* Begin XCBuildConfiguration section */
		7E6D0BFB1C02CC99002CDF7F /* Debug */ = {
			isa = XCBuildConfiguration;
			buildSettings = {
				ALWAYS_SEARCH_USER_PATHS = NO;
				CLANG_CXX_LANGUAGE_STANDARD = "gnu++0x";
				CLANG_CXX_LIBRARY = "libc++";
				CLANG_ENABLE_MODULES = YES;
				CLANG_ENABLE_OBJC_ARC = YES;
				CLANG_WARN_BOOL_CONVERSION = YES;
				CLANG_WARN_CONSTANT_CONVERSION = YES;
				CLANG_WARN_DIRECT_OBJC_ISA_USAGE = YES_ERROR;
				CLANG_WARN_EMPTY_BODY = YES;
				CLANG_WARN_ENUM_CONVERSION = YES;
				CLANG_WARN_INT_CONVERSION = YES;
				CLANG_WARN_OBJC_ROOT_CLASS = YES_ERROR;
				CLANG_WARN_UNREACHABLE_CODE = YES;
				CLANG_WARN__DUPLICATE_METHOD_MATCH = YES;
				"CODE_SIGN_IDENTITY[sdk=iphoneos*]" = "iPhone Developer";
				COPY_PHASE_STRIP = NO;
				DEBUG_INFORMATION_FORMAT = dwarf;
				ENABLE_STRICT_OBJC_MSGSEND = YES;
				ENABLE_TESTABILITY = YES;
				GCC_C_LANGUAGE_STANDARD = gnu99;
				GCC_DYNAMIC_NO_PIC = NO;
				GCC_NO_COMMON_BLOCKS = YES;
				GCC_OPTIMIZATION_LEVEL = 0;
				GCC_PREPROCESSOR_DEFINITIONS = (
					"DEBUG=1",
					"$(inherited)",
				);
				GCC_WARN_64_TO_32_BIT_CONVERSION = YES;
				GCC_WARN_ABOUT_RETURN_TYPE = YES_ERROR;
				GCC_WARN_UNDECLARED_SELECTOR = YES;
				GCC_WARN_UNINITIALIZED_AUTOS = YES_AGGRESSIVE;
				GCC_WARN_UNUSED_FUNCTION = YES;
				GCC_WARN_UNUSED_VARIABLE = YES;
				IPHONEOS_DEPLOYMENT_TARGET = 9.0;
				MTL_ENABLE_DEBUG_INFO = YES;
				ONLY_ACTIVE_ARCH = YES;
				SDKROOT = iphoneos;
				SWIFT_OPTIMIZATION_LEVEL = "-Onone";
				TARGETED_DEVICE_FAMILY = "1,2";
			};
			name = Debug;
		};
		7E6D0BFC1C02CC99002CDF7F /* Release */ = {
			isa = XCBuildConfiguration;
			buildSettings = {
				ALWAYS_SEARCH_USER_PATHS = NO;
				CLANG_CXX_LANGUAGE_STANDARD = "gnu++0x";
				CLANG_CXX_LIBRARY = "libc++";
				CLANG_ENABLE_MODULES = YES;
				CLANG_ENABLE_OBJC_ARC = YES;
				CLANG_WARN_BOOL_CONVERSION = YES;
				CLANG_WARN_CONSTANT_CONVERSION = YES;
				CLANG_WARN_DIRECT_OBJC_ISA_USAGE = YES_ERROR;
				CLANG_WARN_EMPTY_BODY = YES;
				CLANG_WARN_ENUM_CONVERSION = YES;
				CLANG_WARN_INT_CONVERSION = YES;
				CLANG_WARN_OBJC_ROOT_CLASS = YES_ERROR;
				CLANG_WARN_UNREACHABLE_CODE = YES;
				CLANG_WARN__DUPLICATE_METHOD_MATCH = YES;
				"CODE_SIGN_IDENTITY[sdk=iphoneos*]" = "iPhone Developer";
				COPY_PHASE_STRIP = NO;
				DEBUG_INFORMATION_FORMAT = "dwarf-with-dsym";
				ENABLE_NS_ASSERTIONS = NO;
				ENABLE_STRICT_OBJC_MSGSEND = YES;
				GCC_C_LANGUAGE_STANDARD = gnu99;
				GCC_NO_COMMON_BLOCKS = YES;
				GCC_WARN_64_TO_32_BIT_CONVERSION = YES;
				GCC_WARN_ABOUT_RETURN_TYPE = YES_ERROR;
				GCC_WARN_UNDECLARED_SELECTOR = YES;
				GCC_WARN_UNINITIALIZED_AUTOS = YES_AGGRESSIVE;
				GCC_WARN_UNUSED_FUNCTION = YES;
				GCC_WARN_UNUSED_VARIABLE = YES;
				IPHONEOS_DEPLOYMENT_TARGET = 9.0;
				MTL_ENABLE_DEBUG_INFO = NO;
				SDKROOT = iphoneos;
				TARGETED_DEVICE_FAMILY = "1,2";
				VALIDATE_PRODUCT = YES;
			};
			name = Release;
		};
		7E6D0BFE1C02CC99002CDF7F /* Debug */ = {
			isa = XCBuildConfiguration;
			buildSettings = {
				ASSETCATALOG_COMPILER_APPICON_NAME = AppIcon;
				INFOPLIST_FILE = taptapSketch/Info.plist;
				LD_RUNPATH_SEARCH_PATHS = "$(inherited) @executable_path/Frameworks";
				PRODUCT_BUNDLE_IDENTIFIER = test.taptapSketch;
				PRODUCT_NAME = "$(TARGET_NAME)";
			};
			name = Debug;
		};
		7E6D0BFF1C02CC99002CDF7F /* Release */ = {
			isa = XCBuildConfiguration;
			buildSettings = {
				ASSETCATALOG_COMPILER_APPICON_NAME = AppIcon;
				INFOPLIST_FILE = taptapSketch/Info.plist;
				LD_RUNPATH_SEARCH_PATHS = "$(inherited) @executable_path/Frameworks";
				PRODUCT_BUNDLE_IDENTIFIER = test.taptapSketch;
				PRODUCT_NAME = "$(TARGET_NAME)";
			};
			name = Release;
		};
		7E6D0C011C02CC99002CDF7F /* Debug */ = {
			isa = XCBuildConfiguration;
			buildSettings = {
				BUNDLE_LOADER = "$(TEST_HOST)";
				INFOPLIST_FILE = taptapSketchTests/Info.plist;
				LD_RUNPATH_SEARCH_PATHS = "$(inherited) @executable_path/Frameworks @loader_path/Frameworks";
				PRODUCT_BUNDLE_IDENTIFIER = test.taptapSketchTests;
				PRODUCT_NAME = "$(TARGET_NAME)";
				TEST_HOST = "$(BUILT_PRODUCTS_DIR)/taptapSketch.app/taptapSketch";
			};
			name = Debug;
		};
		7E6D0C021C02CC99002CDF7F /* Release */ = {
			isa = XCBuildConfiguration;
			buildSettings = {
				BUNDLE_LOADER = "$(TEST_HOST)";
				INFOPLIST_FILE = taptapSketchTests/Info.plist;
				LD_RUNPATH_SEARCH_PATHS = "$(inherited) @executable_path/Frameworks @loader_path/Frameworks";
				PRODUCT_BUNDLE_IDENTIFIER = test.taptapSketchTests;
				PRODUCT_NAME = "$(TARGET_NAME)";
				TEST_HOST = "$(BUILT_PRODUCTS_DIR)/taptapSketch.app/taptapSketch";
			};
			name = Release;
		};
		7E6D0C041C02CC99002CDF7F /* Debug */ = {
			isa = XCBuildConfiguration;
			buildSettings = {
				INFOPLIST_FILE = taptapSketchUITests/Info.plist;
				LD_RUNPATH_SEARCH_PATHS = "$(inherited) @executable_path/Frameworks @loader_path/Frameworks";
				PRODUCT_BUNDLE_IDENTIFIER = test.taptapSketchUITests;
				PRODUCT_NAME = "$(TARGET_NAME)";
				TEST_TARGET_NAME = taptapSketch;
				USES_XCTRUNNER = YES;
			};
			name = Debug;
		};
		7E6D0C051C02CC99002CDF7F /* Release */ = {
			isa = XCBuildConfiguration;
			buildSettings = {
				INFOPLIST_FILE = taptapSketchUITests/Info.plist;
				LD_RUNPATH_SEARCH_PATHS = "$(inherited) @executable_path/Frameworks @loader_path/Frameworks";
				PRODUCT_BUNDLE_IDENTIFIER = test.taptapSketchUITests;
				PRODUCT_NAME = "$(TARGET_NAME)";
				TEST_TARGET_NAME = taptapSketch;
				USES_XCTRUNNER = YES;
			};
			name = Release;
		};
/* End XCBuildConfiguration section */

/* Begin XCConfigurationList section */
		7E6D0BD01C02CC99002CDF7F /* Build configuration list for PBXProject "taptapSketch" */ = {
			isa = XCConfigurationList;
			buildConfigurations = (
				7E6D0BFB1C02CC99002CDF7F /* Debug */,
				7E6D0BFC1C02CC99002CDF7F /* Release */,
			);
			defaultConfigurationIsVisible = 0;
			defaultConfigurationName = Release;
		};
		7E6D0BFD1C02CC99002CDF7F /* Build configuration list for PBXNativeTarget "taptapSketch" */ = {
			isa = XCConfigurationList;
			buildConfigurations = (
				7E6D0BFE1C02CC99002CDF7F /* Debug */,
				7E6D0BFF1C02CC99002CDF7F /* Release */,
			);
			defaultConfigurationIsVisible = 0;
		};
		7E6D0C001C02CC99002CDF7F /* Build configuration list for PBXNativeTarget "taptapSketchTests" */ = {
			isa = XCConfigurationList;
			buildConfigurations = (
				7E6D0C011C02CC99002CDF7F /* Debug */,
				7E6D0C021C02CC99002CDF7F /* Release */,
			);
			defaultConfigurationIsVisible = 0;
		};
		7E6D0C031C02CC99002CDF7F /* Build configuration list for PBXNativeTarget "taptapSketchUITests" */ = {
			isa = XCConfigurationList;
			buildConfigurations = (
				7E6D0C041C02CC99002CDF7F /* Debug */,
				7E6D0C051C02CC99002CDF7F /* Release */,
			);
			defaultConfigurationIsVisible = 0;
		};
/* End XCConfigurationList section */
	};
	rootObject = 7E6D0BCD1C02CC99002CDF7F /* Project object */;
}
