// !$*UTF8*$!
{
	archiveVersion = 1;
	classes = {
	};
	objectVersion = 46;
	objects = {

/* Begin PBXBuildFile section */
		7E0E14421BFEC0C5008D254E /* AppDelegate.swift in Sources */ = {isa = PBXBuildFile; fileRef = 7E0E14411BFEC0C5008D254E /* AppDelegate.swift */; };
		7E0E14441BFEC0C5008D254E /* ViewController.swift in Sources */ = {isa = PBXBuildFile; fileRef = 7E0E14431BFEC0C5008D254E /* ViewController.swift */; };
		7E0E14471BFEC0C5008D254E /* Main.storyboard in Resources */ = {isa = PBXBuildFile; fileRef = 7E0E14451BFEC0C5008D254E /* Main.storyboard */; };
		7E0E14491BFEC0C5008D254E /* Assets.xcassets in Resources */ = {isa = PBXBuildFile; fileRef = 7E0E14481BFEC0C5008D254E /* Assets.xcassets */; };
		7E0E144C1BFEC0C5008D254E /* LaunchScreen.storyboard in Resources */ = {isa = PBXBuildFile; fileRef = 7E0E144A1BFEC0C5008D254E /* LaunchScreen.storyboard */; };
		7E0E14571BFEC0C5008D254E /* taptapSketchTests.swift in Sources */ = {isa = PBXBuildFile; fileRef = 7E0E14561BFEC0C5008D254E /* taptapSketchTests.swift */; };
		7E0E14621BFEC0C5008D254E /* taptapSketchUITests.swift in Sources */ = {isa = PBXBuildFile; fileRef = 7E0E14611BFEC0C5008D254E /* taptapSketchUITests.swift */; };
		7E0E14701BFEC13F008D254E /* PilotPlant.framework in Frameworks */ = {isa = PBXBuildFile; fileRef = 7E0E146F1BFEC13F008D254E /* PilotPlant.framework */; };
		7E0E14711BFEC13F008D254E /* PilotPlant.framework in Embed Frameworks */ = {isa = PBXBuildFile; fileRef = 7E0E146F1BFEC13F008D254E /* PilotPlant.framework */; settings = {ATTRIBUTES = (CodeSignOnCopy, RemoveHeadersOnCopy, ); }; };
		7E0E14741BFEC1CE008D254E /* PilotPlant.framework in Frameworks */ = {isa = PBXBuildFile; fileRef = 7E0E14731BFEC1CE008D254E /* PilotPlant.framework */; settings = {ASSET_TAGS = (); }; };
/* End PBXBuildFile section */

/* Begin PBXContainerItemProxy section */
		7E0E14531BFEC0C5008D254E /* PBXContainerItemProxy */ = {
			isa = PBXContainerItemProxy;
			containerPortal = 7E0E14361BFEC0C5008D254E /* Project object */;
			proxyType = 1;
			remoteGlobalIDString = 7E0E143D1BFEC0C5008D254E;
			remoteInfo = taptapSketch;
		};
		7E0E145E1BFEC0C5008D254E /* PBXContainerItemProxy */ = {
			isa = PBXContainerItemProxy;
			containerPortal = 7E0E14361BFEC0C5008D254E /* Project object */;
			proxyType = 1;
			remoteGlobalIDString = 7E0E143D1BFEC0C5008D254E;
			remoteInfo = taptapSketch;
		};
/* End PBXContainerItemProxy section */

/* Begin PBXCopyFilesBuildPhase section */
		7E0E14721BFEC13F008D254E /* Embed Frameworks */ = {
			isa = PBXCopyFilesBuildPhase;
			buildActionMask = 2147483647;
			dstPath = "";
			dstSubfolderSpec = 10;
			files = (
				7E0E14711BFEC13F008D254E /* PilotPlant.framework in Embed Frameworks */,
			);
			name = "Embed Frameworks";
			runOnlyForDeploymentPostprocessing = 0;
		};
/* End PBXCopyFilesBuildPhase section */

/* Begin PBXFileReference section */
		7E0E143E1BFEC0C5008D254E /* taptapSketch.app */ = {isa = PBXFileReference; explicitFileType = wrapper.application; includeInIndex = 0; path = taptapSketch.app; sourceTree = BUILT_PRODUCTS_DIR; };
		7E0E14411BFEC0C5008D254E /* AppDelegate.swift */ = {isa = PBXFileReference; lastKnownFileType = sourcecode.swift; path = AppDelegate.swift; sourceTree = "<group>"; };
		7E0E14431BFEC0C5008D254E /* ViewController.swift */ = {isa = PBXFileReference; lastKnownFileType = sourcecode.swift; path = ViewController.swift; sourceTree = "<group>"; };
		7E0E14461BFEC0C5008D254E /* Base */ = {isa = PBXFileReference; lastKnownFileType = file.storyboard; name = Base; path = Base.lproj/Main.storyboard; sourceTree = "<group>"; };
		7E0E14481BFEC0C5008D254E /* Assets.xcassets */ = {isa = PBXFileReference; lastKnownFileType = folder.assetcatalog; path = Assets.xcassets; sourceTree = "<group>"; };
		7E0E144B1BFEC0C5008D254E /* Base */ = {isa = PBXFileReference; lastKnownFileType = file.storyboard; name = Base; path = Base.lproj/LaunchScreen.storyboard; sourceTree = "<group>"; };
		7E0E144D1BFEC0C5008D254E /* Info.plist */ = {isa = PBXFileReference; lastKnownFileType = text.plist.xml; path = Info.plist; sourceTree = "<group>"; };
		7E0E14521BFEC0C5008D254E /* taptapSketchTests.xctest */ = {isa = PBXFileReference; explicitFileType = wrapper.cfbundle; includeInIndex = 0; path = taptapSketchTests.xctest; sourceTree = BUILT_PRODUCTS_DIR; };
		7E0E14561BFEC0C5008D254E /* taptapSketchTests.swift */ = {isa = PBXFileReference; lastKnownFileType = sourcecode.swift; path = taptapSketchTests.swift; sourceTree = "<group>"; };
		7E0E14581BFEC0C5008D254E /* Info.plist */ = {isa = PBXFileReference; lastKnownFileType = text.plist.xml; path = Info.plist; sourceTree = "<group>"; };
		7E0E145D1BFEC0C5008D254E /* taptapSketchUITests.xctest */ = {isa = PBXFileReference; explicitFileType = wrapper.cfbundle; includeInIndex = 0; path = taptapSketchUITests.xctest; sourceTree = BUILT_PRODUCTS_DIR; };
		7E0E14611BFEC0C5008D254E /* taptapSketchUITests.swift */ = {isa = PBXFileReference; lastKnownFileType = sourcecode.swift; path = taptapSketchUITests.swift; sourceTree = "<group>"; };
		7E0E14631BFEC0C5008D254E /* Info.plist */ = {isa = PBXFileReference; lastKnownFileType = text.plist.xml; path = Info.plist; sourceTree = "<group>"; };
		7E0E146F1BFEC13F008D254E /* PilotPlant.framework */ = {isa = PBXFileReference; lastKnownFileType = wrapper.framework; name = PilotPlant.framework; path = ../../../Common/PilotPlant.framework; sourceTree = "<group>"; };
		7E0E14731BFEC1CE008D254E /* PilotPlant.framework */ = {isa = PBXFileReference; lastKnownFileType = wrapper.framework; name = PilotPlant.framework; path = ../../../Common/PilotPlant.framework; sourceTree = "<group>"; };
/* End PBXFileReference section */

/* Begin PBXFrameworksBuildPhase section */
		7E0E143B1BFEC0C5008D254E /* Frameworks */ = {
			isa = PBXFrameworksBuildPhase;
			buildActionMask = 2147483647;
			files = (
				7E0E14701BFEC13F008D254E /* PilotPlant.framework in Frameworks */,
				7E0E14741BFEC1CE008D254E /* PilotPlant.framework in Frameworks */,
			);
			runOnlyForDeploymentPostprocessing = 0;
		};
		7E0E144F1BFEC0C5008D254E /* Frameworks */ = {
			isa = PBXFrameworksBuildPhase;
			buildActionMask = 2147483647;
			files = (
			);
			runOnlyForDeploymentPostprocessing = 0;
		};
		7E0E145A1BFEC0C5008D254E /* Frameworks */ = {
			isa = PBXFrameworksBuildPhase;
			buildActionMask = 2147483647;
			files = (
			);
			runOnlyForDeploymentPostprocessing = 0;
		};
/* End PBXFrameworksBuildPhase section */

/* Begin PBXGroup section */
		7E0E14351BFEC0C5008D254E = {
			isa = PBXGroup;
			children = (
				7E0E14731BFEC1CE008D254E /* PilotPlant.framework */,
				7E0E146F1BFEC13F008D254E /* PilotPlant.framework */,
				7E0E14401BFEC0C5008D254E /* taptapSketch */,
				7E0E14551BFEC0C5008D254E /* taptapSketchTests */,
				7E0E14601BFEC0C5008D254E /* taptapSketchUITests */,
				7E0E143F1BFEC0C5008D254E /* Products */,
			);
			sourceTree = "<group>";
		};
		7E0E143F1BFEC0C5008D254E /* Products */ = {
			isa = PBXGroup;
			children = (
				7E0E143E1BFEC0C5008D254E /* taptapSketch.app */,
				7E0E14521BFEC0C5008D254E /* taptapSketchTests.xctest */,
				7E0E145D1BFEC0C5008D254E /* taptapSketchUITests.xctest */,
			);
			name = Products;
			sourceTree = "<group>";
		};
		7E0E14401BFEC0C5008D254E /* taptapSketch */ = {
			isa = PBXGroup;
			children = (
				7E0E14411BFEC0C5008D254E /* AppDelegate.swift */,
				7E0E14431BFEC0C5008D254E /* ViewController.swift */,
				7E0E14451BFEC0C5008D254E /* Main.storyboard */,
				7E0E14481BFEC0C5008D254E /* Assets.xcassets */,
				7E0E144A1BFEC0C5008D254E /* LaunchScreen.storyboard */,
				7E0E144D1BFEC0C5008D254E /* Info.plist */,
			);
			path = taptapSketch;
			sourceTree = "<group>";
		};
		7E0E14551BFEC0C5008D254E /* taptapSketchTests */ = {
			isa = PBXGroup;
			children = (
				7E0E14561BFEC0C5008D254E /* taptapSketchTests.swift */,
				7E0E14581BFEC0C5008D254E /* Info.plist */,
			);
			path = taptapSketchTests;
			sourceTree = "<group>";
		};
		7E0E14601BFEC0C5008D254E /* taptapSketchUITests */ = {
			isa = PBXGroup;
			children = (
				7E0E14611BFEC0C5008D254E /* taptapSketchUITests.swift */,
				7E0E14631BFEC0C5008D254E /* Info.plist */,
			);
			path = taptapSketchUITests;
			sourceTree = "<group>";
		};
/* End PBXGroup section */

/* Begin PBXNativeTarget section */
		7E0E143D1BFEC0C5008D254E /* taptapSketch */ = {
			isa = PBXNativeTarget;
			buildConfigurationList = 7E0E14661BFEC0C5008D254E /* Build configuration list for PBXNativeTarget "taptapSketch" */;
			buildPhases = (
				7E0E143A1BFEC0C5008D254E /* Sources */,
				7E0E143B1BFEC0C5008D254E /* Frameworks */,
				7E0E143C1BFEC0C5008D254E /* Resources */,
				7E0E14721BFEC13F008D254E /* Embed Frameworks */,
			);
			buildRules = (
			);
			dependencies = (
			);
			name = taptapSketch;
			productName = taptapSketch;
			productReference = 7E0E143E1BFEC0C5008D254E /* taptapSketch.app */;
			productType = "com.apple.product-type.application";
		};
		7E0E14511BFEC0C5008D254E /* taptapSketchTests */ = {
			isa = PBXNativeTarget;
			buildConfigurationList = 7E0E14691BFEC0C5008D254E /* Build configuration list for PBXNativeTarget "taptapSketchTests" */;
			buildPhases = (
				7E0E144E1BFEC0C5008D254E /* Sources */,
				7E0E144F1BFEC0C5008D254E /* Frameworks */,
				7E0E14501BFEC0C5008D254E /* Resources */,
			);
			buildRules = (
			);
			dependencies = (
				7E0E14541BFEC0C5008D254E /* PBXTargetDependency */,
			);
			name = taptapSketchTests;
			productName = taptapSketchTests;
			productReference = 7E0E14521BFEC0C5008D254E /* taptapSketchTests.xctest */;
			productType = "com.apple.product-type.bundle.unit-test";
		};
		7E0E145C1BFEC0C5008D254E /* taptapSketchUITests */ = {
			isa = PBXNativeTarget;
			buildConfigurationList = 7E0E146C1BFEC0C5008D254E /* Build configuration list for PBXNativeTarget "taptapSketchUITests" */;
			buildPhases = (
				7E0E14591BFEC0C5008D254E /* Sources */,
				7E0E145A1BFEC0C5008D254E /* Frameworks */,
				7E0E145B1BFEC0C5008D254E /* Resources */,
			);
			buildRules = (
			);
			dependencies = (
				7E0E145F1BFEC0C5008D254E /* PBXTargetDependency */,
			);
			name = taptapSketchUITests;
			productName = taptapSketchUITests;
			productReference = 7E0E145D1BFEC0C5008D254E /* taptapSketchUITests.xctest */;
			productType = "com.apple.product-type.bundle.ui-testing";
		};
/* End PBXNativeTarget section */

/* Begin PBXProject section */
		7E0E14361BFEC0C5008D254E /* Project object */ = {
			isa = PBXProject;
			attributes = {
				LastUpgradeCheck = 0700;
				ORGANIZATIONNAME = itct05;
				TargetAttributes = {
					7E0E143D1BFEC0C5008D254E = {
						CreatedOnToolsVersion = 7.0;
					};
					7E0E14511BFEC0C5008D254E = {
						CreatedOnToolsVersion = 7.0;
						TestTargetID = 7E0E143D1BFEC0C5008D254E;
					};
					7E0E145C1BFEC0C5008D254E = {
						CreatedOnToolsVersion = 7.0;
						TestTargetID = 7E0E143D1BFEC0C5008D254E;
					};
				};
			};
			buildConfigurationList = 7E0E14391BFEC0C5008D254E /* Build configuration list for PBXProject "taptapSketch" */;
			compatibilityVersion = "Xcode 3.2";
			developmentRegion = English;
			hasScannedForEncodings = 0;
			knownRegions = (
				en,
				Base,
			);
			mainGroup = 7E0E14351BFEC0C5008D254E;
			productRefGroup = 7E0E143F1BFEC0C5008D254E /* Products */;
			projectDirPath = "";
			projectRoot = "";
			targets = (
				7E0E143D1BFEC0C5008D254E /* taptapSketch */,
				7E0E14511BFEC0C5008D254E /* taptapSketchTests */,
				7E0E145C1BFEC0C5008D254E /* taptapSketchUITests */,
			);
		};
/* End PBXProject section */

/* Begin PBXResourcesBuildPhase section */
		7E0E143C1BFEC0C5008D254E /* Resources */ = {
			isa = PBXResourcesBuildPhase;
			buildActionMask = 2147483647;
			files = (
				7E0E144C1BFEC0C5008D254E /* LaunchScreen.storyboard in Resources */,
				7E0E14491BFEC0C5008D254E /* Assets.xcassets in Resources */,
				7E0E14471BFEC0C5008D254E /* Main.storyboard in Resources */,
			);
			runOnlyForDeploymentPostprocessing = 0;
		};
		7E0E14501BFEC0C5008D254E /* Resources */ = {
			isa = PBXResourcesBuildPhase;
			buildActionMask = 2147483647;
			files = (
			);
			runOnlyForDeploymentPostprocessing = 0;
		};
		7E0E145B1BFEC0C5008D254E /* Resources */ = {
			isa = PBXResourcesBuildPhase;
			buildActionMask = 2147483647;
			files = (
			);
			runOnlyForDeploymentPostprocessing = 0;
		};
/* End PBXResourcesBuildPhase section */

/* Begin PBXSourcesBuildPhase section */
		7E0E143A1BFEC0C5008D254E /* Sources */ = {
			isa = PBXSourcesBuildPhase;
			buildActionMask = 2147483647;
			files = (
				7E0E14441BFEC0C5008D254E /* ViewController.swift in Sources */,
				7E0E14421BFEC0C5008D254E /* AppDelegate.swift in Sources */,
			);
			runOnlyForDeploymentPostprocessing = 0;
		};
		7E0E144E1BFEC0C5008D254E /* Sources */ = {
			isa = PBXSourcesBuildPhase;
			buildActionMask = 2147483647;
			files = (
				7E0E14571BFEC0C5008D254E /* taptapSketchTests.swift in Sources */,
			);
			runOnlyForDeploymentPostprocessing = 0;
		};
		7E0E14591BFEC0C5008D254E /* Sources */ = {
			isa = PBXSourcesBuildPhase;
			buildActionMask = 2147483647;
			files = (
				7E0E14621BFEC0C5008D254E /* taptapSketchUITests.swift in Sources */,
			);
			runOnlyForDeploymentPostprocessing = 0;
		};
/* End PBXSourcesBuildPhase section */

/* Begin PBXTargetDependency section */
		7E0E14541BFEC0C5008D254E /* PBXTargetDependency */ = {
			isa = PBXTargetDependency;
			target = 7E0E143D1BFEC0C5008D254E /* taptapSketch */;
			targetProxy = 7E0E14531BFEC0C5008D254E /* PBXContainerItemProxy */;
		};
		7E0E145F1BFEC0C5008D254E /* PBXTargetDependency */ = {
			isa = PBXTargetDependency;
			target = 7E0E143D1BFEC0C5008D254E /* taptapSketch */;
			targetProxy = 7E0E145E1BFEC0C5008D254E /* PBXContainerItemProxy */;
		};
/* End PBXTargetDependency section */

/* Begin PBXVariantGroup section */
		7E0E14451BFEC0C5008D254E /* Main.storyboard */ = {
			isa = PBXVariantGroup;
			children = (
				7E0E14461BFEC0C5008D254E /* Base */,
			);
			name = Main.storyboard;
			sourceTree = "<group>";
		};
		7E0E144A1BFEC0C5008D254E /* LaunchScreen.storyboard */ = {
			isa = PBXVariantGroup;
			children = (
				7E0E144B1BFEC0C5008D254E /* Base */,
			);
			name = LaunchScreen.storyboard;
			sourceTree = "<group>";
		};
/* End PBXVariantGroup section */

/* Begin XCBuildConfiguration section */
		7E0E14641BFEC0C5008D254E /* Debug */ = {
			isa = XCBuildConfiguration;
			buildSettings = {
				ALWAYS_SEARCH_USER_PATHS = NO;
				CLANG_CXX_LANGUAGE_STANDARD = "gnu++0x";
				CLANG_CXX_LIBRARY = "libc++";
				CLANG_ENABLE_MODULES = YES;
				CLANG_ENABLE_OBJC_ARC = YES;
				CLANG_WARN_BOOL_CONVERSION = YES;
				CLANG_WARN_CONSTANT_CONVERSION = YES;
				CLANG_WARN_DIRECT_OBJC_ISA_USAGE = YES_ERROR;
				CLANG_WARN_EMPTY_BODY = YES;
				CLANG_WARN_ENUM_CONVERSION = YES;
				CLANG_WARN_INT_CONVERSION = YES;
				CLANG_WARN_OBJC_ROOT_CLASS = YES_ERROR;
				CLANG_WARN_UNREACHABLE_CODE = YES;
				CLANG_WARN__DUPLICATE_METHOD_MATCH = YES;
				"CODE_SIGN_IDENTITY[sdk=iphoneos*]" = "iPhone Developer";
				COPY_PHASE_STRIP = NO;
				DEBUG_INFORMATION_FORMAT = dwarf;
				ENABLE_STRICT_OBJC_MSGSEND = YES;
				ENABLE_TESTABILITY = YES;
				GCC_C_LANGUAGE_STANDARD = gnu99;
				GCC_DYNAMIC_NO_PIC = NO;
				GCC_NO_COMMON_BLOCKS = YES;
				GCC_OPTIMIZATION_LEVEL = 0;
				GCC_PREPROCESSOR_DEFINITIONS = (
					"DEBUG=1",
					"$(inherited)",
				);
				GCC_WARN_64_TO_32_BIT_CONVERSION = YES;
				GCC_WARN_ABOUT_RETURN_TYPE = YES_ERROR;
				GCC_WARN_UNDECLARED_SELECTOR = YES;
				GCC_WARN_UNINITIALIZED_AUTOS = YES_AGGRESSIVE;
				GCC_WARN_UNUSED_FUNCTION = YES;
				GCC_WARN_UNUSED_VARIABLE = YES;
				IPHONEOS_DEPLOYMENT_TARGET = 9.0;
				MTL_ENABLE_DEBUG_INFO = YES;
				ONLY_ACTIVE_ARCH = YES;
				SDKROOT = iphoneos;
				SWIFT_OPTIMIZATION_LEVEL = "-Onone";
				TARGETED_DEVICE_FAMILY = "1,2";
			};
			name = Debug;
		};
		7E0E14651BFEC0C5008D254E /* Release */ = {
			isa = XCBuildConfiguration;
			buildSettings = {
				ALWAYS_SEARCH_USER_PATHS = NO;
				CLANG_CXX_LANGUAGE_STANDARD = "gnu++0x";
				CLANG_CXX_LIBRARY = "libc++";
				CLANG_ENABLE_MODULES = YES;
				CLANG_ENABLE_OBJC_ARC = YES;
				CLANG_WARN_BOOL_CONVERSION = YES;
				CLANG_WARN_CONSTANT_CONVERSION = YES;
				CLANG_WARN_DIRECT_OBJC_ISA_USAGE = YES_ERROR;
				CLANG_WARN_EMPTY_BODY = YES;
				CLANG_WARN_ENUM_CONVERSION = YES;
				CLANG_WARN_INT_CONVERSION = YES;
				CLANG_WARN_OBJC_ROOT_CLASS = YES_ERROR;
				CLANG_WARN_UNREACHABLE_CODE = YES;
				CLANG_WARN__DUPLICATE_METHOD_MATCH = YES;
				"CODE_SIGN_IDENTITY[sdk=iphoneos*]" = "iPhone Developer";
				COPY_PHASE_STRIP = NO;
				DEBUG_INFORMATION_FORMAT = "dwarf-with-dsym";
				ENABLE_NS_ASSERTIONS = NO;
				ENABLE_STRICT_OBJC_MSGSEND = YES;
				GCC_C_LANGUAGE_STANDARD = gnu99;
				GCC_NO_COMMON_BLOCKS = YES;
				GCC_WARN_64_TO_32_BIT_CONVERSION = YES;
				GCC_WARN_ABOUT_RETURN_TYPE = YES_ERROR;
				GCC_WARN_UNDECLARED_SELECTOR = YES;
				GCC_WARN_UNINITIALIZED_AUTOS = YES_AGGRESSIVE;
				GCC_WARN_UNUSED_FUNCTION = YES;
				GCC_WARN_UNUSED_VARIABLE = YES;
				IPHONEOS_DEPLOYMENT_TARGET = 9.0;
				MTL_ENABLE_DEBUG_INFO = NO;
				SDKROOT = iphoneos;
				TARGETED_DEVICE_FAMILY = "1,2";
				VALIDATE_PRODUCT = YES;
			};
			name = Release;
		};
		7E0E14671BFEC0C5008D254E /* Debug */ = {
			isa = XCBuildConfiguration;
			buildSettings = {
				ASSETCATALOG_COMPILER_APPICON_NAME = AppIcon;
				FRAMEWORK_SEARCH_PATHS = /Users/itct05/GitHub/ITCTCatalog2015/Common;
				INFOPLIST_FILE = taptapSketch/Info.plist;
				LD_RUNPATH_SEARCH_PATHS = "$(inherited) @executable_path/Frameworks";
				PRODUCT_BUNDLE_IDENTIFIER = test.taptapSketch;
				PRODUCT_NAME = "$(TARGET_NAME)";
			};
			name = Debug;
		};
		7E0E14681BFEC0C5008D254E /* Release */ = {
			isa = XCBuildConfiguration;
			buildSettings = {
				ASSETCATALOG_COMPILER_APPICON_NAME = AppIcon;
				FRAMEWORK_SEARCH_PATHS = /Users/itct05/GitHub/ITCTCatalog2015/Common;
				INFOPLIST_FILE = taptapSketch/Info.plist;
				LD_RUNPATH_SEARCH_PATHS = "$(inherited) @executable_path/Frameworks";
				PRODUCT_BUNDLE_IDENTIFIER = test.taptapSketch;
				PRODUCT_NAME = "$(TARGET_NAME)";
			};
			name = Release;
		};
		7E0E146A1BFEC0C5008D254E /* Debug */ = {
			isa = XCBuildConfiguration;
			buildSettings = {
				BUNDLE_LOADER = "$(TEST_HOST)";
				INFOPLIST_FILE = taptapSketchTests/Info.plist;
				LD_RUNPATH_SEARCH_PATHS = "$(inherited) @executable_path/Frameworks @loader_path/Frameworks";
				PRODUCT_BUNDLE_IDENTIFIER = test.taptapSketchTests;
				PRODUCT_NAME = "$(TARGET_NAME)";
				TEST_HOST = "$(BUILT_PRODUCTS_DIR)/taptapSketch.app/taptapSketch";
			};
			name = Debug;
		};
		7E0E146B1BFEC0C5008D254E /* Release */ = {
			isa = XCBuildConfiguration;
			buildSettings = {
				BUNDLE_LOADER = "$(TEST_HOST)";
				INFOPLIST_FILE = taptapSketchTests/Info.plist;
				LD_RUNPATH_SEARCH_PATHS = "$(inherited) @executable_path/Frameworks @loader_path/Frameworks";
				PRODUCT_BUNDLE_IDENTIFIER = test.taptapSketchTests;
				PRODUCT_NAME = "$(TARGET_NAME)";
				TEST_HOST = "$(BUILT_PRODUCTS_DIR)/taptapSketch.app/taptapSketch";
			};
			name = Release;
		};
		7E0E146D1BFEC0C5008D254E /* Debug */ = {
			isa = XCBuildConfiguration;
			buildSettings = {
				INFOPLIST_FILE = taptapSketchUITests/Info.plist;
				LD_RUNPATH_SEARCH_PATHS = "$(inherited) @executable_path/Frameworks @loader_path/Frameworks";
				PRODUCT_BUNDLE_IDENTIFIER = test.taptapSketchUITests;
				PRODUCT_NAME = "$(TARGET_NAME)";
				TEST_TARGET_NAME = taptapSketch;
				USES_XCTRUNNER = YES;
			};
			name = Debug;
		};
		7E0E146E1BFEC0C5008D254E /* Release */ = {
			isa = XCBuildConfiguration;
			buildSettings = {
				INFOPLIST_FILE = taptapSketchUITests/Info.plist;
				LD_RUNPATH_SEARCH_PATHS = "$(inherited) @executable_path/Frameworks @loader_path/Frameworks";
				PRODUCT_BUNDLE_IDENTIFIER = test.taptapSketchUITests;
				PRODUCT_NAME = "$(TARGET_NAME)";
				TEST_TARGET_NAME = taptapSketch;
				USES_XCTRUNNER = YES;
			};
			name = Release;
		};
/* End XCBuildConfiguration section */

/* Begin XCConfigurationList section */
		7E0E14391BFEC0C5008D254E /* Build configuration list for PBXProject "taptapSketch" */ = {
			isa = XCConfigurationList;
			buildConfigurations = (
				7E0E14641BFEC0C5008D254E /* Debug */,
				7E0E14651BFEC0C5008D254E /* Release */,
			);
			defaultConfigurationIsVisible = 0;
			defaultConfigurationName = Release;
		};
		7E0E14661BFEC0C5008D254E /* Build configuration list for PBXNativeTarget "taptapSketch" */ = {
			isa = XCConfigurationList;
			buildConfigurations = (
				7E0E14671BFEC0C5008D254E /* Debug */,
				7E0E14681BFEC0C5008D254E /* Release */,
			);
			defaultConfigurationIsVisible = 0;
			defaultConfigurationName = Release;
		};
		7E0E14691BFEC0C5008D254E /* Build configuration list for PBXNativeTarget "taptapSketchTests" */ = {
			isa = XCConfigurationList;
			buildConfigurations = (
				7E0E146A1BFEC0C5008D254E /* Debug */,
				7E0E146B1BFEC0C5008D254E /* Release */,
			);
			defaultConfigurationIsVisible = 0;
			defaultConfigurationName = Release;
		};
		7E0E146C1BFEC0C5008D254E /* Build configuration list for PBXNativeTarget "taptapSketchUITests" */ = {
			isa = XCConfigurationList;
			buildConfigurations = (
				7E0E146D1BFEC0C5008D254E /* Debug */,
				7E0E146E1BFEC0C5008D254E /* Release */,
			);
			defaultConfigurationIsVisible = 0;
			defaultConfigurationName = Release;
		};
/* End XCConfigurationList section */
	};
	rootObject = 7E0E14361BFEC0C5008D254E /* Project object */;
}
